{
  "version": 4,
  "terraform_version": "1.13.0",
  "serial": 10,
  "lineage": "35c7358b-222e-ae5c-7747-27b6703e7ee2",
  "outputs": {},
  "resources": [
    {
      "mode": "data",
      "type": "azurerm_client_config",
      "name": "current",
      "provider": "provider[\"registry.terraform.io/hashicorp/azurerm\"]",
      "instances": [
        {
          "schema_version": 0,
          "attributes": {
            "client_id": "04b07795-8ddb-461a-bbee-02f9e1bf7b46",
            "id": "Y2xpZW50Q29uZmlncy9jbGllbnRJZD0wNGIwNzc5NS04ZGRiLTQ2MWEtYmJlZS0wMmY5ZTFiZjdiNDY7b2JqZWN0SWQ9M2M5ZjdhMTctYmUwNy00YjQ5LWI4M2QtZTU4NjJjZWVmZjhjO3N1YnNjcmlwdGlvbklkPWYwMjAyMzAwLWVlMGMtNDg0Ny05OTA5LTEzYzcxZmRmZTExYjt0ZW5hbnRJZD05MGIxNTgzMi1kYzgyLTQ1NTEtOTA1OS0wZDQ5MTlmMjYwYjg=",
            "object_id": "3c9f7a17-be07-4b49-b83d-e5862ceeff8c",
            "subscription_id": "f0202300-ee0c-4847-9909-13c71fdfe11b",
            "tenant_id": "90b15832-dc82-4551-9059-0d4919f260b8",
            "timeouts": null
          },
          "sensitive_attributes": [],
          "identity_schema_version": 0
        }
      ]
    },
    {
      "mode": "managed",
      "type": "azapi_resource",
      "name": "ai_services",
      "provider": "provider[\"registry.terraform.io/azure/azapi\"]",
      "instances": [
        {
          "schema_version": 2,
          "attributes": {
            "body": {
              "value": {
                "identity": {
                  "type": "SystemAssigned"
                },
                "kind": "AIServices",
                "properties": {
                  "allowProjectManagement": true,
                  "customSubDomainName": "ais-dev-ea-ai-sho-63de",
                  "publicNetworkAccess": "Enabled"
                },
                "sku": {
                  "name": "S0"
                }
              },
              "type": [
                "object",
                {
                  "identity": [
                    "object",
                    {
                      "type": "string"
                    }
                  ],
                  "kind": "string",
                  "properties": [
                    "object",
                    {
                      "allowProjectManagement": "bool",
                      "customSubDomainName": "string",
                      "publicNetworkAccess": "string"
                    }
                  ],
                  "sku": [
                    "object",
                    {
                      "name": "string"
                    }
                  ]
                }
              ]
            },
            "create_headers": null,
            "create_query_parameters": null,
            "delete_headers": null,
            "delete_query_parameters": null,
            "id": "/subscriptions/f0202300-ee0c-4847-9909-13c71fdfe11b/resourceGroups/rg-dev-ea-ai-sho-63de/providers/Microsoft.CognitiveServices/accounts/ais-dev-ea-ai-sho-63de",
            "identity": [],
            "ignore_casing": false,
            "ignore_missing_property": true,
            "location": "eastus2",
            "locks": null,
            "name": "ais-dev-ea-ai-sho-63de",
            "output": {
              "value": {
                "etag": "\"d003d9e7-0000-0200-0000-68a602b40000\"",
                "id": "/subscriptions/f0202300-ee0c-4847-9909-13c71fdfe11b/resourceGroups/rg-dev-ea-ai-sho-63de/providers/Microsoft.CognitiveServices/accounts/ais-dev-ea-ai-sho-63de",
                "identity": {
                  "principalId": "076423f3-eb91-4d20-abd1-e2591c5bcac4",
                  "tenantId": "90b15832-dc82-4551-9059-0d4919f260b8",
                  "type": "SystemAssigned"
                },
                "kind": "AIServices",
                "location": "eastus2",
                "name": "ais-dev-ea-ai-sho-63de",
                "properties": {
                  "allowProjectManagement": true,
                  "apiProperties": {
                    "qnaAzureSearchEndpointKey": null
                  },
                  "callRateLimit": {
                    "rules": [
                      {
                        "count": 20,
                        "key": "documentTranslation.post",
                        "matchPatterns": [
                          {
                            "method": "POST",
                            "path": "translator/text/batch/*"
                          }
                        ],
                        "renewalPeriod": 1
                      },
                      {
                        "count": 20,
                        "key": "documentTranslation.get",
                        "matchPatterns": [
                          {
                            "method": "GET",
                            "path": "translator/text/batch/*"
                          }
                        ],
                        "renewalPeriod": 1
                      },
                      {
                        "count": 20,
                        "key": "documentTranslation.default",
                        "matchPatterns": [
                          {
                            "method": "*",
                            "path": "translator/text/batch/*"
                          }
                        ],
                        "renewalPeriod": 1
                      },
                      {
                        "count": 100,
                        "key": "textTranslation",
                        "matchPatterns": [
                          {
                            "method": "*",
                            "path": "translator/text/*"
                          }
                        ],
                        "renewalPeriod": 1
                      },
                      {
                        "count": 20,
                        "key": "singledocumentTranslation.default",
                        "matchPatterns": [
                          {
                            "method": "*",
                            "path": "translator/document:translate"
                          }
                        ],
                        "renewalPeriod": 1
                      },
                      {
                        "count": 20,
                        "key": "batchDocumentTranslation.post",
                        "matchPatterns": [
                          {
                            "method": "POST",
                            "path": "translator/document/*"
                          }
                        ],
                        "renewalPeriod": 1
                      },
                      {
                        "count": 20,
                        "key": "batchDocumentTranslation.get",
                        "matchPatterns": [
                          {
                            "method": "GET",
                            "path": "translator/document/*"
                          }
                        ],
                        "renewalPeriod": 1
                      },
                      {
                        "count": 20,
                        "key": "batchDocumentTranslation.default",
                        "matchPatterns": [
                          {
                            "method": "*",
                            "path": "translator/document/*"
                          }
                        ],
                        "renewalPeriod": 1
                      },
                      {
                        "count": 1000,
                        "key": "workflow.endpoint.postcalls",
                        "matchPatterns": [
                          {
                            "method": "*",
                            "path": "language/:analyze-conversations"
                          }
                        ],
                        "renewalPeriod": 60
                      },
                      {
                        "count": 1000,
                        "key": "textAnalytics.conversations.jobs.getcalls",
                        "matchPatterns": [
                          {
                            "method": "GET",
                            "path": "language/analyze-conversations/jobs/*"
                          }
                        ],
                        "renewalPeriod": 60
                      },
                      {
                        "count": 1000,
                        "key": "textAnalytics.conversations.jobs.postcalls",
                        "matchPatterns": [
                          {
                            "method": "POST",
                            "path": "language/analyze-conversations/jobs"
                          }
                        ],
                        "renewalPeriod": 60
                      },
                      {
                        "count": 1000,
                        "key": "textAnalytics.analyzetext.postcalls",
                        "matchPatterns": [
                          {
                            "method": "POST",
                            "path": "language/:analyze-text"
                          }
                        ],
                        "renewalPeriod": 60
                      },
                      {
                        "count": 1000,
                        "key": "textAnalytics.analyzetext.jobs.getcalls",
                        "matchPatterns": [
                          {
                            "method": "GET",
                            "path": "language/analyze-text/jobs/*"
                          }
                        ],
                        "renewalPeriod": 60
                      },
                      {
                        "count": 300,
                        "key": "textAnalytics.analyzetext.jobs.postcalls",
                        "matchPatterns": [
                          {
                            "method": "POST",
                            "path": "language/analyze-text/jobs"
                          }
                        ],
                        "renewalPeriod": 60
                      },
                      {
                        "count": 100,
                        "key": "textAnalytics.analyzedocuments.jobs.getcalls",
                        "matchPatterns": [
                          {
                            "method": "GET",
                            "path": "language/analyze-documents/jobs/*"
                          }
                        ],
                        "renewalPeriod": 60
                      },
                      {
                        "count": 100,
                        "key": "textAnalytics.analyzedocuments.jobs.postcalls",
                        "matchPatterns": [
                          {
                            "method": "POST",
                            "path": "language/analyze-documents/jobs"
                          }
                        ],
                        "renewalPeriod": 60
                      },
                      {
                        "count": 1000,
                        "key": "textAnalytics.generate.postcalls",
                        "matchPatterns": [
                          {
                            "method": "*",
                            "path": "language/:generate"
                          }
                        ],
                        "renewalPeriod": 60
                      },
                      {
                        "count": 100,
                        "key": "textAnalytics.authoring.customtext.getcalls",
                        "matchPatterns": [
                          {
                            "method": "GET",
                            "path": "language/analyze-text/projects/*"
                          }
                        ],
                        "renewalPeriod": 60
                      },
                      {
                        "count": 10,
                        "key": "textAnalytics.unifiedAuthoring.updatecalls",
                        "matchPatterns": [
                          {
                            "method": "*",
                            "path": "language/analyze-text/projects/*"
                          }
                        ],
                        "renewalPeriod": 60
                      },
                      {
                        "count": 100,
                        "key": "textAnalytics.authoring.customtext.march.getcalls",
                        "matchPatterns": [
                          {
                            "method": "GET",
                            "path": "language/authoring/analyze-text/projects/*"
                          }
                        ],
                        "renewalPeriod": 60
                      },
                      {
                        "count": 10,
                        "key": "textAnalytics.unifiedAuthoring.march.updatecalls",
                        "matchPatterns": [
                          {
                            "method": "*",
                            "path": "language/authoring/analyze-text/projects/*"
                          }
                        ],
                        "renewalPeriod": 60
                      },
                      {
                        "count": 100,
                        "key": "textAnalytics.authoring.customtext.internal.getcalls",
                        "matchPatterns": [
                          {
                            "method": "GET",
                            "path": "language/analyze-text/internal/projects/*"
                          }
                        ],
                        "renewalPeriod": 60
                      },
                      {
                        "count": 10,
                        "key": "textAnalytics.unifiedAuthoring.internal.updatecalls",
                        "matchPatterns": [
                          {
                            "method": "*",
                            "path": "language/analyze-text/internal/projects/*"
                          }
                        ],
                        "renewalPeriod": 60
                      },
                      {
                        "count": 100,
                        "key": "textAnalytics.unifiedAuthoring.clu.getCalls",
                        "matchPatterns": [
                          {
                            "method": "GET",
                            "path": "language/analyze-conversations/projects/*"
                          }
                        ],
                        "renewalPeriod": 60
                      },
                      {
                        "count": 10,
                        "key": "textAnalytics.unifiedAuthoring.clu.updateCalls",
                        "matchPatterns": [
                          {
                            "method": "*",
                            "path": "language/analyze-conversations/projects/*"
                          }
                        ],
                        "renewalPeriod": 60
                      },
                      {
                        "count": 100,
                        "key": "textAnalytics.unifiedAuthoring.clu.march.getCalls",
                        "matchPatterns": [
                          {
                            "method": "GET",
                            "path": "language/authoring/analyze-conversations/projects/*"
                          }
                        ],
                        "renewalPeriod": 60
                      },
                      {
                        "count": 10,
                        "key": "textAnalytics.unifiedAuthoring.clu.march.updateCalls",
                        "matchPatterns": [
                          {
                            "method": "*",
                            "path": "language/authoring/analyze-conversations/projects/*"
                          }
                        ],
                        "renewalPeriod": 60
                      },
                      {
                        "count": 100,
                        "key": "textAnalytics.unifiedAuthoring.clu.internal.getCalls",
                        "matchPatterns": [
                          {
                            "method": "GET",
                            "path": "language/analyze-conversations/internal/projects/*"
                          }
                        ],
                        "renewalPeriod": 60
                      },
                      {
                        "count": 10,
                        "key": "textAnalytics.unifiedAuthoring.clu.internal.updateCalls",
                        "matchPatterns": [
                          {
                            "method": "*",
                            "path": "language/analyze-conversations/internal/projects/*"
                          }
                        ],
                        "renewalPeriod": 60
                      },
                      {
                        "count": 100,
                        "key": "textAnalytics.customText",
                        "matchPatterns": [
                          {
                            "method": "*",
                            "path": "text/analytics/v3.1-preview.ct.1/analyze/*"
                          }
                        ],
                        "renewalPeriod": 60
                      },
                      {
                        "count": 300,
                        "dynamicThrottlingEnabled": true,
                        "key": "textAnalytics.analyze",
                        "matchPatterns": [
                          {
                            "method": "*",
                            "path": "text/analytics/v3.1/analyze/*"
                          },
                          {
                            "method": "*",
                            "path": "text/analytics/v3.2-preview.1/analyze/*"
                          },
                          {
                            "method": "*",
                            "path": "text/analytics/v3.2-preview.2/analyze/*"
                          }
                        ],
                        "renewalPeriod": 60
                      },
                      {
                        "count": 300,
                        "key": "textAnalytics.healthcare",
                        "matchPatterns": [
                          {
                            "method": "*",
                            "path": "text/analytics/v3.1/entities/health"
                          },
                          {
                            "method": "*",
                            "path": "text/analytics/v3.2-preview.1/health"
                          },
                          {
                            "method": "*",
                            "path": "text/analytics/v3.2-preview.2/health"
                          }
                        ],
                        "renewalPeriod": 60
                      },
                      {
                        "count": 1000,
                        "key": "textAnalytics.languagedetection",
                        "matchPatterns": [
                          {
                            "method": "*",
                            "path": "text/analytics/v3.1/languages"
                          }
                        ],
                        "renewalPeriod": 60
                      },
                      {
                        "count": 1000,
                        "dynamicThrottlingEnabled": true,
                        "key": "textAnalytics",
                        "matchPatterns": [
                          {
                            "method": "*",
                            "path": "text/analytics/*"
                          }
                        ],
                        "renewalPeriod": 60
                      },
                      {
                        "count": 600,
                        "key": "questionanswering",
                        "matchPatterns": [
                          {
                            "method": "*",
                            "path": "qnamaker/*"
                          }
                        ],
                        "renewalPeriod": 60
                      },
                      {
                        "count": 3,
                        "key": "unifiedlanguage.questionanswering",
                        "matchPatterns": [
                          {
                            "method": "*",
                            "path": "language/query-knowledgebases/*"
                          }
                        ],
                        "renewalPeriod": 1
                      },
                      {
                        "count": 10,
                        "key": "unifiedlanguage.questionanswering.inference",
                        "matchPatterns": [
                          {
                            "method": "*",
                            "path": "language/:query-*"
                          }
                        ],
                        "renewalPeriod": 1
                      },
                      {
                        "count": 150,
                        "key": "textAnalytics.analyze.internal.autoTagging",
                        "matchPatterns": [
                          {
                            "method": "*",
                            "path": "TextAnalytics/ct-auto-tagging"
                          }
                        ],
                        "renewalPeriod": 60
                      },
                      {
                        "count": 150,
                        "key": "textAnalytics.analyze.internal.evaluation",
                        "matchPatterns": [
                          {
                            "method": "*",
                            "path": "TextAnalytics/ct-evaluation"
                          }
                        ],
                        "renewalPeriod": 60
                      },
                      {
                        "count": 50,
                        "key": "token",
                        "matchPatterns": [
                          {
                            "method": "*",
                            "path": "sts/v1.0/*"
                          }
                        ],
                        "renewalPeriod": 1
                      },
                      {
                        "count": 200,
                        "key": "speech.synthesize",
                        "matchPatterns": [
                          {
                            "method": "*",
                            "path": "speech/synthesize"
                          }
                        ],
                        "renewalPeriod": 1
                      },
                      {
                        "count": 200,
                        "key": "speech.customvoicesynthesize",
                        "matchPatterns": [
                          {
                            "method": "*",
                            "path": "speech/customvoicesynthesize"
                          }
                        ],
                        "renewalPeriod": 1
                      },
                      {
                        "count": 200,
                        "key": "speech.neuralvoicesynthesize",
                        "matchPatterns": [
                          {
                            "method": "*",
                            "path": "speech/neuralvoicesynthesize"
                          }
                        ],
                        "renewalPeriod": 1
                      },
                      {
                        "count": 10,
                        "key": "speech.aoaivoicesynthesize",
                        "matchPatterns": [
                          {
                            "method": "*",
                            "path": "speech/aoaivoicesynthesize"
                          }
                        ],
                        "renewalPeriod": 60
                      },
                      {
                        "count": 3,
                        "key": "speech.aoaihdvoicesynthesize",
                        "matchPatterns": [
                          {
                            "method": "*",
                            "path": "speech/aoaihdvoicesynthesize"
                          }
                        ],
                        "renewalPeriod": 60
                      },
                      {
                        "count": 200,
                        "key": "speech.customneuralvoicesynthesize",
                        "matchPatterns": [
                          {
                            "method": "*",
                            "path": "speech/customneuralvoicesynthesize"
                          }
                        ],
                        "renewalPeriod": 1
                      },
                      {
                        "count": 1,
                        "key": "speech.liveavatarconnect",
                        "matchPatterns": [
                          {
                            "method": "*",
                            "path": "speech/liveavatarconnect"
                          }
                        ],
                        "renewalPeriod": 60
                      },
                      {
                        "count": 200,
                        "key": "speech.livecustomavatarconnect",
                        "matchPatterns": [
                          {
                            "method": "*",
                            "path": "speech/livecustomavatarconnect"
                          }
                        ],
                        "renewalPeriod": 60
                      },
                      {
                        "count": 2,
                        "key": "speech.batchavatarcreate",
                        "matchPatterns": [
                          {
                            "method": "PUT",
                            "path": "avatar/batchsyntheses/*"
                          }
                        ],
                        "renewalPeriod": 60
                      },
                      {
                        "count": 100,
                        "key": "speech.conversationtranscription",
                        "matchPatterns": [
                          {
                            "method": "*",
                            "path": "speech/singlechannelaudioconversationtranscription"
                          },
                          {
                            "method": "*",
                            "path": "speech/multichannelaudioconversationtranscribe"
                          },
                          {
                            "method": "*",
                            "path": "speech/videoconversationtranscribe"
                          }
                        ],
                        "renewalPeriod": 1
                      },
                      {
                        "count": 100,
                        "key": "speech.speechtotext",
                        "matchPatterns": [
                          {
                            "method": "*",
                            "path": "speechtotext/*"
                          }
                        ],
                        "renewalPeriod": 10
                      },
                      {
                        "count": 100,
                        "key": "speech.batchtexttospeechcreate",
                        "matchPatterns": [
                          {
                            "method": "PUT",
                            "path": "texttospeech/batchsyntheses/*"
                          }
                        ],
                        "renewalPeriod": 10
                      },
                      {
                        "count": 100,
                        "key": "speech.texttospeech",
                        "matchPatterns": [
                          {
                            "method": "*",
                            "path": "texttospeech/*"
                          }
                        ],
                        "renewalPeriod": 10
                      },
                      {
                        "count": 100,
                        "key": "speech.customvoice",
                        "matchPatterns": [
                          {
                            "method": "*",
                            "path": "customvoice/*"
                          }
                        ],
                        "renewalPeriod": 10
                      },
                      {
                        "count": 20,
                        "key": "speech.speakerrecognitionv2",
                        "matchPatterns": [
                          {
                            "method": "*",
                            "path": "speaker/*"
                          },
                          {
                            "method": "*",
                            "path": "speaker-recognition/*"
                          }
                        ],
                        "renewalPeriod": 1
                      },
                      {
                        "count": 5,
                        "key": "speech.speakerrecognitionv1",
                        "matchPatterns": [
                          {
                            "method": "*",
                            "path": "spid/*"
                          }
                        ],
                        "renewalPeriod": 1
                      },
                      {
                        "count": 15,
                        "dynamicThrottlingEnabled": true,
                        "key": "formrecognizer.analyze",
                        "matchPatterns": [
                          {
                            "method": "POST",
                            "path": "formrecognizer/custom/models/{id}/analyze"
                          },
                          {
                            "method": "POST",
                            "path": "formrecognizer/custom/models/{modelId}/analyze"
                          },
                          {
                            "method": "POST",
                            "path": "formrecognizer/prebuilt/businessCard/analyze"
                          },
                          {
                            "method": "POST",
                            "path": "formrecognizer/prebuilt/idDocument/analyze"
                          },
                          {
                            "method": "POST",
                            "path": "formrecognizer/prebuilt/invoice/analyze"
                          },
                          {
                            "method": "POST",
                            "path": "formrecognizer/layout/analyze"
                          },
                          {
                            "method": "POST",
                            "path": "formrecognizer/prebuilt/receipt/analyze"
                          },
                          {
                            "method": "POST",
                            "path": "formrecognizer/prebuilt/receipt/asyncBatchAnalyze"
                          },
                          {
                            "method": "POST",
                            "path": "formrecognizer/documentModels/{modelId}:analyze"
                          },
                          {
                            "method": "POST",
                            "path": "formrecognizer/read"
                          },
                          {
                            "method": "POST",
                            "path": "formrecognizer/documentClassifiers/{classifierId}:analyze"
                          },
                          {
                            "method": "POST",
                            "path": "documentintelligence/documentModels/{modelId}:analyze"
                          },
                          {
                            "method": "POST",
                            "path": "documentintelligence/documentModels/{modelId}:analyze?_overload=analyzeDocument"
                          },
                          {
                            "method": "POST",
                            "path": "documentintelligence/documentClassifiers/{classifierId}:analyze"
                          },
                          {
                            "method": "POST",
                            "path": "documentintelligence/documentClassifiers/{classifierId}:analyze?_overload=classifyDocument"
                          },
                          {
                            "method": "POST",
                            "path": "documentintelligence/documentModels/{modelId}:analyzeBatch"
                          }
                        ],
                        "renewalPeriod": 1
                      },
                      {
                        "count": 50,
                        "dynamicThrottlingEnabled": true,
                        "key": "formrecognizer.get.object",
                        "matchPatterns": [
                          {
                            "method": "GET",
                            "path": "formrecognizer/custom/models/{modelId}/analyzeResults/{resultId}"
                          },
                          {
                            "method": "GET",
                            "path": "formrecognizer/prebuilt/businessCard/analyzeResults/{resultId}"
                          },
                          {
                            "method": "GET",
                            "path": "formrecognizer/prebuilt/idDocument/analyzeResults/{resultId}"
                          },
                          {
                            "method": "GET",
                            "path": "formrecognizer/prebuilt/invoice/analyzeResults/{resultId}"
                          },
                          {
                            "method": "GET",
                            "path": "formrecognizer/prebuilt/receipt/analyzeResults/{resultId}"
                          },
                          {
                            "method": "GET",
                            "path": "formrecognizer/prebuilt/receipt/operations/{operationId}"
                          },
                          {
                            "method": "GET",
                            "path": "formrecognizer/documentModels/{modelId}/analyzeResults/{resultId}"
                          },
                          {
                            "method": "GET",
                            "path": "formrecognizer/layout/analyzeResults/{resultId}"
                          },
                          {
                            "method": "GET",
                            "path": "formrecognizer/custom/models/{modelId}"
                          },
                          {
                            "method": "GET",
                            "path": "formrecognizer/custom/models/{modelId}/copyResults/{resultId}"
                          },
                          {
                            "method": "GET",
                            "path": "formrecognizer/operations/{operationId}"
                          },
                          {
                            "method": "GET",
                            "path": "formrecognizer/custom/models/{modelId}"
                          },
                          {
                            "method": "GET",
                            "path": "formrecognizer/custom/models/{id}"
                          },
                          {
                            "method": "GET",
                            "path": "formrecognizer/documentModels/{modelId}"
                          },
                          {
                            "method": "GET",
                            "path": "formrecognizer/documentClassifiers/{classifierId}"
                          },
                          {
                            "method": "GET",
                            "path": "formrecognizer/documentClassifiers/{classifierId}/analyzeResults/{resultId}"
                          },
                          {
                            "method": "GET",
                            "path": "documentintelligence/documentModels/{modelId}/analyzeResults/{resultId}"
                          },
                          {
                            "method": "GET",
                            "path": "documentintelligence/operations/{operationId}"
                          },
                          {
                            "method": "GET",
                            "path": "documentintelligence/operations/{operationId}?_overload={_overload}"
                          },
                          {
                            "method": "GET",
                            "path": "documentintelligence/documentModels/{modelId}"
                          },
                          {
                            "method": "GET",
                            "path": "documentintelligence/documentClassifiers/{classifierId}"
                          },
                          {
                            "method": "GET",
                            "path": "documentintelligence/documentClassifiers/{classifierId}/analyzeResults/{resultId}"
                          },
                          {
                            "method": "GET",
                            "path": "documentintelligence/documentModels/{modelId}/analyzeBatchResults/{resultId}"
                          },
                          {
                            "method": "GET",
                            "path": "documentintelligence/documentModels/{modelId}/analyzeResults/{resultId}/figures/{figureId}"
                          },
                          {
                            "method": "GET",
                            "path": "documentintelligence/documentModels/{modelId}/analyzeResults/{resultId}/pdf"
                          }
                        ],
                        "renewalPeriod": 1
                      },
                      {
                        "count": 10,
                        "dynamicThrottlingEnabled": true,
                        "key": "formrecognizer.list.objects",
                        "matchPatterns": [
                          {
                            "method": "GET",
                            "path": "formrecognizer/operations"
                          },
                          {
                            "method": "GET",
                            "path": "formrecognizer/info"
                          },
                          {
                            "method": "GET",
                            "path": "formrecognizer/documentModels"
                          },
                          {
                            "method": "GET",
                            "path": "formrecognizer/custom/models"
                          },
                          {
                            "method": "GET",
                            "path": "formrecognizer/documentClassifiers"
                          },
                          {
                            "method": "GET",
                            "path": "documentintelligence/documentModels"
                          },
                          {
                            "method": "GET",
                            "path": "documentintelligence/operations"
                          },
                          {
                            "method": "GET",
                            "path": "documentintelligence/info"
                          },
                          {
                            "method": "GET",
                            "path": "documentintelligence/documentClassifiers"
                          },
                          {
                            "method": "GET",
                            "path": "documentintelligence/documentModels/{modelId}/analyzeBatchResults"
                          }
                        ],
                        "renewalPeriod": 1
                      },
                      {
                        "count": 5,
                        "dynamicThrottlingEnabled": true,
                        "key": "formrecognizer.model.management",
                        "matchPatterns": [
                          {
                            "method": "POST",
                            "path": "formrecognizer/custom/models"
                          },
                          {
                            "method": "POST",
                            "path": "formrecognizer/custom/models/compose"
                          },
                          {
                            "method": "POST",
                            "path": "formrecognizer/custom/models/copyAuthorization"
                          },
                          {
                            "method": "DELETE",
                            "path": "formrecognizer/custom/models/{id}"
                          },
                          {
                            "method": "GET",
                            "path": "formrecognizer/custom/models/{id}/keys"
                          },
                          {
                            "method": "DELETE",
                            "path": "formrecognizer/custom/models/{modelId}"
                          },
                          {
                            "method": "POST",
                            "path": "formrecognizer/custom/models/{modelId}/copy"
                          },
                          {
                            "method": "POST",
                            "path": "formrecognizer/documentModels/{modelId}:copyTo"
                          },
                          {
                            "method": "POST",
                            "path": "formrecognizer/documentModels:authorizeCopy"
                          },
                          {
                            "method": "POST",
                            "path": "formrecognizer/documentModels:build"
                          },
                          {
                            "method": "POST",
                            "path": "formrecognizer/documentModels:compose"
                          },
                          {
                            "method": "POST",
                            "path": "formrecognizer/custom/train"
                          },
                          {
                            "method": "DELETE",
                            "path": "formrecognizer/custom/models/{modelId}"
                          },
                          {
                            "method": "DELETE",
                            "path": "formrecognizer/documentModels/{modelId}"
                          },
                          {
                            "method": "POST",
                            "path": "formrecognizer/documentClassifiers:build"
                          },
                          {
                            "method": "DELETE",
                            "path": "formrecognizer/documentClassifiers/{classifierId}"
                          },
                          {
                            "method": "POST",
                            "path": "documentintelligence/documentModels:authorizeCopy"
                          },
                          {
                            "method": "POST",
                            "path": "documentintelligence/documentModels/{modelId}:copyTo"
                          },
                          {
                            "method": "POST",
                            "path": "documentintelligence/documentModels:build"
                          },
                          {
                            "method": "POST",
                            "path": "documentintelligence/documentModels:compose"
                          },
                          {
                            "method": "DELETE",
                            "path": "documentintelligence/documentModels/{modelId}"
                          },
                          {
                            "method": "POST",
                            "path": "documentintelligence/documentClassifiers:build"
                          },
                          {
                            "method": "DELETE",
                            "path": "documentintelligence/documentClassifiers/{classifierId}"
                          },
                          {
                            "method": "POST",
                            "path": "documentintelligence/documentClassifiers/{classifierId}:copyTo"
                          },
                          {
                            "method": "POST",
                            "path": "documentintelligence/documentClassifiers:authorizeCopy"
                          }
                        ],
                        "renewalPeriod": 1
                      },
                      {
                        "count": 15,
                        "key": "formrecognizer.chat.build",
                        "matchPatterns": [
                          {
                            "method": "POST",
                            "path": "documentintelligence/chat:build"
                          }
                        ],
                        "renewalPeriod": 1
                      },
                      {
                        "count": 5,
                        "key": "formrecognizer.chat.complete",
                        "matchPatterns": [
                          {
                            "method": "POST",
                            "path": "documentintelligence/chat/{chatId}:complete"
                          }
                        ],
                        "renewalPeriod": 60
                      },
                      {
                        "count": 100,
                        "key": "formrecognizer.labeling",
                        "matchPatterns": [
                          {
                            "method": "*",
                            "path": "documentintelligence/labelingProjects/*"
                          },
                          {
                            "method": "*",
                            "path": "documentintelligence/classificationProjects/*"
                          },
                          {
                            "method": "GET",
                            "path": "documentintelligence/labelingProjects"
                          },
                          {
                            "method": "GET",
                            "path": "documentintelligence/classificationProjects"
                          }
                        ],
                        "renewalPeriod": 1
                      },
                      {
                        "count": 30,
                        "dynamicThrottlingEnabled": true,
                        "key": "vision.recognizeText",
                        "matchPatterns": [
                          {
                            "method": "POST",
                            "path": "vision/recognizeText"
                          },
                          {
                            "method": "GET",
                            "path": "vision/textOperations/*"
                          },
                          {
                            "method": "*",
                            "path": "vision/read/*"
                          }
                        ],
                        "renewalPeriod": 1
                      },
                      {
                        "count": 20,
                        "dynamicThrottlingEnabled": true,
                        "key": "vision",
                        "matchPatterns": [
                          {
                            "method": "*",
                            "path": "vision/*"
                          }
                        ],
                        "renewalPeriod": 1
                      },
                      {
                        "count": 500,
                        "key": "container.billing",
                        "matchPatterns": [
                          {
                            "method": "*",
                            "path": "billing/*"
                          }
                        ],
                        "renewalPeriod": 10
                      },
                      {
                        "count": 10,
                        "dynamicThrottlingEnabled": true,
                        "key": "ContentSafety.List",
                        "matchPatterns": [
                          {
                            "method": "*",
                            "path": "contentsafety/text/blocklists*"
                          }
                        ],
                        "renewalPeriod": 1
                      },
                      {
                        "count": 50,
                        "dynamicThrottlingEnabled": true,
                        "key": "ContentSafety.TextGroundedDetection",
                        "matchPatterns": [
                          {
                            "method": "*",
                            "path": "contentsafety/text:detectGroundedness*"
                          }
                        ],
                        "renewalPeriod": 1
                      },
                      {
                        "count": 1000,
                        "dynamicThrottlingEnabled": true,
                        "key": "ContentSafety.TextShieldPrompt",
                        "matchPatterns": [
                          {
                            "method": "*",
                            "path": "contentsafety/text:shieldPrompt*"
                          }
                        ],
                        "renewalPeriod": 10
                      },
                      {
                        "count": 1000,
                        "dynamicThrottlingEnabled": true,
                        "key": "ContentSafety.TextDetectIncidents",
                        "matchPatterns": [
                          {
                            "method": "*",
                            "path": "contentsafety/text:detectIncidents*"
                          }
                        ],
                        "renewalPeriod": 10
                      },
                      {
                        "count": 5,
                        "dynamicThrottlingEnabled": true,
                        "key": "ContentSafety.TextAnalyzeCustomCategory",
                        "matchPatterns": [
                          {
                            "method": "*",
                            "path": "contentsafety/text:analyzeCustomCategory*"
                          }
                        ],
                        "renewalPeriod": 1
                      },
                      {
                        "count": 10,
                        "dynamicThrottlingEnabled": true,
                        "key": "ContentSafety.TextAutoReview",
                        "matchPatterns": [
                          {
                            "method": "*",
                            "path": "contentsafety/text:autoReview*"
                          }
                        ],
                        "renewalPeriod": 1
                      },
                      {
                        "count": 10,
                        "dynamicThrottlingEnabled": true,
                        "key": "ContentSafety.GPTFeature",
                        "matchPatterns": [
                          {
                            "method": "*",
                            "path": "contentsafety/text:detectungroundedness*"
                          }
                        ],
                        "renewalPeriod": 10
                      },
                      {
                        "count": 1000,
                        "dynamicThrottlingEnabled": true,
                        "key": "ContentSafety.TextJailbreak",
                        "matchPatterns": [
                          {
                            "method": "*",
                            "path": "contentsafety/text:detectJailbreak*"
                          }
                        ],
                        "renewalPeriod": 10
                      },
                      {
                        "count": 1000,
                        "dynamicThrottlingEnabled": true,
                        "key": "ContentSafety.TextProtectedMaterial",
                        "matchPatterns": [
                          {
                            "method": "*",
                            "path": "contentsafety/text:detectProtectedMaterial*"
                          }
                        ],
                        "renewalPeriod": 10
                      },
                      {
                        "count": 1000,
                        "dynamicThrottlingEnabled": true,
                        "key": "ContentSafety.Unified1PAPI",
                        "matchPatterns": [
                          {
                            "method": "*",
                            "path": "contentsafety/analyze1p*"
                          }
                        ],
                        "renewalPeriod": 10
                      },
                      {
                        "count": 1000,
                        "dynamicThrottlingEnabled": true,
                        "key": "ContentSafety.AnalyzeWithRaiPolicyAPI",
                        "matchPatterns": [
                          {
                            "method": "*",
                            "path": "contentsafety/analyzeWithRaiPolicy*"
                          }
                        ],
                        "renewalPeriod": 10
                      },
                      {
                        "count": 1000,
                        "dynamicThrottlingEnabled": true,
                        "key": "ContentSafety.UnifiedAPI",
                        "matchPatterns": [
                          {
                            "method": "*",
                            "path": "contentsafety/analyze*"
                          }
                        ],
                        "renewalPeriod": 10
                      },
                      {
                        "count": 100,
                        "dynamicThrottlingEnabled": true,
                        "key": "ContentSafety.RaiPoliciesAPI",
                        "matchPatterns": [
                          {
                            "method": "*",
                            "path": "contentsafety/raiPolicies*"
                          }
                        ],
                        "renewalPeriod": 10
                      },
                      {
                        "count": 100,
                        "dynamicThrottlingEnabled": true,
                        "key": "ContentSafety.TextIncidentResponse",
                        "matchPatterns": [
                          {
                            "method": "*",
                            "path": "contentsafety/text/incidents*"
                          }
                        ],
                        "renewalPeriod": 10
                      },
                      {
                        "count": 100,
                        "dynamicThrottlingEnabled": true,
                        "key": "ContentSafety.TextAutoReviewers",
                        "matchPatterns": [
                          {
                            "method": "*",
                            "path": "contentsafety/text/autoReviewers*"
                          }
                        ],
                        "renewalPeriod": 10
                      },
                      {
                        "count": 5,
                        "dynamicThrottlingEnabled": true,
                        "key": "ContentSafety.TextCustomCategories",
                        "matchPatterns": [
                          {
                            "method": "*",
                            "path": "contentsafety/text/categories*"
                          }
                        ],
                        "renewalPeriod": 1
                      },
                      {
                        "count": 1000,
                        "dynamicThrottlingEnabled": true,
                        "key": "ContentSafety.Text",
                        "matchPatterns": [
                          {
                            "method": "*",
                            "path": "contentsafety/text*"
                          }
                        ],
                        "renewalPeriod": 10
                      },
                      {
                        "count": 10,
                        "dynamicThrottlingEnabled": true,
                        "key": "ContentSafety.ImageWithText",
                        "matchPatterns": [
                          {
                            "method": "*",
                            "path": "contentsafety/imageWithText*"
                          }
                        ],
                        "renewalPeriod": 1
                      },
                      {
                        "count": 1000,
                        "dynamicThrottlingEnabled": true,
                        "key": "ContentSafety.ImageDetectIncidents",
                        "matchPatterns": [
                          {
                            "method": "*",
                            "path": "contentsafety/image:detectIncidents*"
                          }
                        ],
                        "renewalPeriod": 10
                      },
                      {
                        "count": 100,
                        "dynamicThrottlingEnabled": true,
                        "key": "ContentSafety.ImageIncidentResponse",
                        "matchPatterns": [
                          {
                            "method": "*",
                            "path": "contentsafety/image/incidents*"
                          }
                        ],
                        "renewalPeriod": 10
                      },
                      {
                        "count": 1000,
                        "dynamicThrottlingEnabled": true,
                        "key": "ContentSafety.Image",
                        "matchPatterns": [
                          {
                            "method": "*",
                            "path": "contentsafety/image*"
                          }
                        ],
                        "renewalPeriod": 10
                      },
                      {
                        "count": 30,
                        "dynamicThrottlingEnabled": true,
                        "key": "ContentSafety.Project",
                        "matchPatterns": [
                          {
                            "method": "*",
                            "path": "contentsafety/projects*"
                          }
                        ],
                        "renewalPeriod": 1
                      },
                      {
                        "count": 100,
                        "dynamicThrottlingEnabled": true,
                        "key": "ContentSafety.Metrics",
                        "matchPatterns": [
                          {
                            "method": "*",
                            "path": "contentsafety/metrics*"
                          }
                        ],
                        "renewalPeriod": 1
                      },
                      {
                        "count": 100,
                        "dynamicThrottlingEnabled": true,
                        "key": "ContentSafety.Feature",
                        "matchPatterns": [
                          {
                            "method": "*",
                            "path": "contentsafety/whitelist*"
                          }
                        ],
                        "renewalPeriod": 1
                      },
                      {
                        "count": 100,
                        "dynamicThrottlingEnabled": true,
                        "key": "ContentSafetyInternal.Metrics",
                        "matchPatterns": [
                          {
                            "method": "*",
                            "path": "contentsafety/internal/metrics*"
                          }
                        ],
                        "renewalPeriod": 1
                      },
                      {
                        "count": 100,
                        "dynamicThrottlingEnabled": true,
                        "key": "ContentSafetyInternal.Feature",
                        "matchPatterns": [
                          {
                            "method": "*",
                            "path": "contentsafety/internal/whitelist*"
                          }
                        ],
                        "renewalPeriod": 1
                      },
                      {
                        "count": 15,
                        "dynamicThrottlingEnabled": true,
                        "key": "contentunderstanding.analyze",
                        "matchPatterns": [
                          {
                            "method": "POST",
                            "path": "/analyzers/{analyzerId}:analyze"
                          }
                        ],
                        "renewalPeriod": 1
                      },
                      {
                        "count": 50,
                        "dynamicThrottlingEnabled": true,
                        "key": "contentunderstanding.get.object",
                        "matchPatterns": [
                          {
                            "method": "GET",
                            "path": "contentunderstanding/analyzers"
                          },
                          {
                            "method": "GET",
                            "path": "contentunderstanding/analyzers/{analyzerId}"
                          },
                          {
                            "method": "GET",
                            "path": "contentunderstanding/analyzerResults/{operationId}"
                          },
                          {
                            "method": "GET",
                            "path": "contentunderstanding/analyzerResults/{operationId}/files/{path}"
                          },
                          {
                            "method": "GET",
                            "path": "contentunderstanding/analyzers/{analyzerId}/results/{operationId}"
                          },
                          {
                            "method": "GET",
                            "path": "contentunderstanding/analyzers/{analyzerId}/results/{operationId}/images/{imageId}"
                          }
                        ],
                        "renewalPeriod": 1
                      },
                      {
                        "count": 10,
                        "dynamicThrottlingEnabled": true,
                        "key": "contentunderstanding.list.object",
                        "matchPatterns": [
                          {
                            "method": "GET",
                            "path": "contentunderstanding/analyzers/{analyzerId}"
                          }
                        ],
                        "renewalPeriod": 1
                      },
                      {
                        "count": 15,
                        "dynamicThrottlingEnabled": true,
                        "key": "contentunderstanding.analyzer.management",
                        "matchPatterns": [
                          {
                            "method": "PUT",
                            "path": "contentunderstanding/analyzers/{analyzerId}"
                          },
                          {
                            "method": "DELETE",
                            "path": "contentunderstanding/analyzers/{analyzerId}"
                          },
                          {
                            "method": "PATCH",
                            "path": "contentunderstanding/analyzers/{analyzerId}"
                          }
                        ],
                        "renewalPeriod": 1
                      },
                      {
                        "count": 100,
                        "key": "contentunderstanding.labeling",
                        "matchPatterns": [
                          {
                            "method": "GET",
                            "path": "contentunderstanding/labelingProjects"
                          },
                          {
                            "method": "*",
                            "path": "contentunderstanding/labelingProjects/*"
                          },
                          {
                            "method": "GET",
                            "path": "contentunderstanding/classificationProjects"
                          },
                          {
                            "method": "*",
                            "path": "contentunderstanding/classificationProjects/*"
                          }
                        ],
                        "renewalPeriod": 1
                      },
                      {
                        "count": 10,
                        "dynamicThrottlingEnabled": true,
                        "key": "contentunderstanding.face",
                        "matchPatterns": [
                          {
                            "method": "*",
                            "path": "contentunderstanding/personDirectories"
                          },
                          {
                            "method": "*",
                            "path": "contentunderstanding/personDirectories/{personDirectoryId}"
                          },
                          {
                            "method": "*",
                            "path": "contentunderstanding/personDirectories/{personDirectoryId}/persons"
                          },
                          {
                            "method": "*",
                            "path": "contentunderstanding/personDirectories/{personDirectoryId}/persons/{personId}"
                          },
                          {
                            "method": "*",
                            "path": "contentunderstanding/personDirectories/{personDirectoryId}/faces"
                          },
                          {
                            "method": "*",
                            "path": "contentunderstanding/personDirectories/{personDirectoryId}/faces/{faceId}"
                          },
                          {
                            "method": "*",
                            "path": "contentunderstanding/faces:detect"
                          },
                          {
                            "method": "*",
                            "path": "contentunderstanding/faces:compare"
                          },
                          {
                            "method": "*",
                            "path": "contentunderstanding/personDirectories/{personDirectoryId}/persons:identify"
                          },
                          {
                            "method": "*",
                            "path": "contentunderstanding/personDirectories/{personDirectoryId}/faces:find"
                          },
                          {
                            "method": "*",
                            "path": "contentunderstanding/personDirectories/{personDirectoryId}/persons/{personId}:verify"
                          }
                        ],
                        "renewalPeriod": 1
                      },
                      {
                        "count": 30000,
                        "key": "models",
                        "matchPatterns": [
                          {
                            "method": "*",
                            "path": "/models"
                          }
                        ],
                        "renewalPeriod": 1
                      },
                      {
                        "count": 30,
                        "key": "openai.dalle.post",
                        "matchPatterns": [
                          {
                            "method": "POST",
                            "path": "dalle/*"
                          },
                          {
                            "method": "POST",
                            "path": "openai/images/*"
                          }
                        ],
                        "renewalPeriod": 1
                      },
                      {
                        "count": 30,
                        "key": "openai.dalle.other",
                        "matchPatterns": [
                          {
                            "method": "*",
                            "path": "dalle/*"
                          },
                          {
                            "method": "*",
                            "path": "openai/operations/images/*"
                          }
                        ],
                        "renewalPeriod": 1
                      },
                      {
                        "count": 120,
                        "key": "openai.assistants.list",
                        "matchPatterns": [
                          {
                            "method": "GET",
                            "path": "openai/assistants"
                          }
                        ],
                        "renewalPeriod": 60
                      },
                      {
                        "count": 120,
                        "key": "openai.threads.list",
                        "matchPatterns": [
                          {
                            "method": "GET",
                            "path": "openai/threads"
                          }
                        ],
                        "renewalPeriod": 60
                      },
                      {
                        "count": 120,
                        "key": "openai.vectorstores.list",
                        "matchPatterns": [
                          {
                            "method": "GET",
                            "path": "openai/vector_stores"
                          }
                        ],
                        "renewalPeriod": 60
                      },
                      {
                        "count": 100000,
                        "key": "openai.assistants.default",
                        "matchPatterns": [
                          {
                            "method": "*",
                            "path": "openai/assistants"
                          },
                          {
                            "method": "*",
                            "path": "openai/assistants/*"
                          },
                          {
                            "method": "*",
                            "path": "openai/threads"
                          },
                          {
                            "method": "*",
                            "path": "openai/threads/*"
                          },
                          {
                            "method": "*",
                            "path": "openai/vector_stores"
                          },
                          {
                            "method": "*",
                            "path": "openai/vector_stores/*"
                          }
                        ],
                        "renewalPeriod": 1
                      },
                      {
                        "count": 100000,
                        "key": "openai.responses.default",
                        "matchPatterns": [
                          {
                            "method": "*",
                            "path": "openai/responses"
                          },
                          {
                            "method": "*",
                            "path": "openai/responses/*"
                          }
                        ],
                        "renewalPeriod": 1
                      },
                      {
                        "count": 30,
                        "key": "openai.batches.post",
                        "matchPatterns": [
                          {
                            "method": "POST",
                            "path": "openai/v1/batches"
                          },
                          {
                            "method": "POST",
                            "path": "openai/batches"
                          }
                        ],
                        "renewalPeriod": 60
                      },
                      {
                        "count": 500,
                        "key": "openai.batches.get",
                        "matchPatterns": [
                          {
                            "method": "GET",
                            "path": "openai/v1/batches/*"
                          },
                          {
                            "method": "GET",
                            "path": "openai/batches/*"
                          }
                        ],
                        "renewalPeriod": 60
                      },
                      {
                        "count": 100,
                        "key": "openai.batches.list",
                        "matchPatterns": [
                          {
                            "method": "GET",
                            "path": "openai/v1/batches"
                          },
                          {
                            "method": "GET",
                            "path": "openai/batches"
                          }
                        ],
                        "renewalPeriod": 60
                      },
                      {
                        "count": 30,
                        "key": "openai",
                        "matchPatterns": [
                          {
                            "method": "*",
                            "path": "openai/*"
                          }
                        ],
                        "renewalPeriod": 1
                      },
                      {
                        "count": 10000,
                        "key": "api.projects.default",
                        "matchPatterns": [
                          {
                            "method": "*",
                            "path": "api/projects/*"
                          }
                        ],
                        "renewalPeriod": 1
                      },
                      {
                        "count": 30,
                        "key": "default",
                        "matchPatterns": [
                          {
                            "method": "*",
                            "path": "*"
                          }
                        ],
                        "renewalPeriod": 1
                      }
                    ]
                  },
                  "capabilities": [
                    {
                      "name": "VirtualNetworks"
                    },
                    {
                      "name": "TrustedServices",
                      "value": "Microsoft.CognitiveServices,Microsoft.MachineLearningServices,Microsoft.Search"
                    },
                    {
                      "name": "CustomerManagedKey"
                    },
                    {
                      "name": "MaxFineTuneCount",
                      "value": "500"
                    },
                    {
                      "name": "MaxRunningFineTuneCount",
                      "value": "1"
                    },
                    {
                      "name": "MaxUserFileCount",
                      "value": "100"
                    },
                    {
                      "name": "MaxTrainingFileSize",
                      "value": "512000000"
                    },
                    {
                      "name": "MaxUserFileImportDurationInHours",
                      "value": "1"
                    },
                    {
                      "name": "MaxFineTuneJobDurationInHours",
                      "value": "720"
                    },
                    {
                      "name": "MaxEvaluationRunDurationInHours",
                      "value": "5"
                    },
                    {
                      "name": "MaxRunningEvaluationCount",
                      "value": "5"
                    },
                    {
                      "name": "Container",
                      "value": "ContentSafety.*,ContentSafety.TextAnalyze,ContentSafety.ImageAnalyze,ComputerVision.*,ComputerVision.VideoAnalytics,ComputerVision.ComputerVisionRead,ComputerVision.ocr,ComputerVision.readfile,ComputerVision.readfiledsd,ComputerVision.recognizetext,ComputerVision.ComputerVision,ComputerVision.ocrlayoutworker,ComputerVision.ocrcontroller,ComputerVision.ocrdispatcher,ComputerVision.ocrbillingprocessor,ComputerVision.ocranalyzer,ComputerVision.ocrpagesplitter,ComputerVision.ocrapi,ComputerVision.ocrengineworker,FormRecognizer.*,FormRecognizer.Forms,FormRecognizer.FormRecognizerCustomSupervised,FormRecognizer.FormRecognizerLayout,FormRecognizer.formrecognizerreadlayout,FormRecognizer.FormRecognizerId,FormRecognizer.FormRecognizerInvoice,FormRecognizer.FormRecognizerReceipt,FormRecognizer.FormRecognizerBusinessCard,FormRecognizer.FormRecognizerRead,FormRecognizer.FormRecognizerKvp,SpeechServices.*,SpeechServices.CustomSpeechToText,SpeechServices.NeuralTextToSpeechOnPrem,SpeechServices.DPP,SpeechServices.SpeechToText,SpeechServices.ctsdiarizer,SpeechServices.diarization,TextAnalytics.*,TextAnalytics.Healthcare,TextAnalytics.EntityV3,TextAnalytics.EntityONNX,TextAnalytics.Keyphrase,TextAnalytics.KeyphraseV2,TextAnalytics.KeyPhraseONNX,TextAnalytics.LanguageFastText,TextAnalytics.Language,TextAnalytics.LanguageV2,TextAnalytics.Sentiment,TextAnalytics.SentimentV2,TextAnalytics.SentimentV3,TextAnalytics.SentimentV3Preview,TextAnalytics.SentimentONNX,TextAnalytics.CustomNER,TextAnalytics.textanalyticsdispatcher,TextAnalytics.SummarizationFrontend,TextAnalytics.SummarizationWorker,TextAnalytics.PII,TextAnalytics.CluRuntime,TextAnalytics.CluContainer,TextAnalytics.NER,TextTranslation.*"
                    },
                    {
                      "name": "Cloud",
                      "value": "TextAnalytics.Healthcare,TextAnalytics.Analyze,QuestionAnswer.AllApis,LanguageService.QuestionAnsweringApis"
                    }
                  ],
                  "customSubDomainName": "ais-dev-ea-ai-sho-63de",
                  "dateCreated": "2025-08-20T17:14:33.9910381Z",
                  "endpoint": "https://ais-dev-ea-ai-sho-63de.cognitiveservices.azure.com/",
                  "endpoints": {
                    "AI Foundry API": "https://ais-dev-ea-ai-sho-63de.services.ai.azure.com/",
                    "Azure AI Model Inference API": "https://ais-dev-ea-ai-sho-63de.services.ai.azure.com/",
                    "Cohere AI API": "https://ais-dev-ea-ai-sho-63de.services.ai.azure.com/",
                    "Computer Vision": "https://ais-dev-ea-ai-sho-63de.cognitiveservices.azure.com/",
                    "Container": "https://ais-dev-ea-ai-sho-63de.cognitiveservices.azure.com/",
                    "Content Safety": "https://ais-dev-ea-ai-sho-63de.cognitiveservices.azure.com/",
                    "Content Understanding": "https://ais-dev-ea-ai-sho-63de.services.ai.azure.com/",
                    "Conversational Language Understanding Authoring": "https://ais-dev-ea-ai-sho-63de.cognitiveservices.azure.com/",
                    "ConversationalLURuntime": "https://ais-dev-ea-ai-sho-63de.cognitiveservices.azure.com/",
                    "Custom Question Answering": "https://ais-dev-ea-ai-sho-63de.cognitiveservices.azure.com/",
                    "Custom Question Answering Authoring": "https://ais-dev-ea-ai-sho-63de.cognitiveservices.azure.com/",
                    "Custom Text Authoring": "https://ais-dev-ea-ai-sho-63de.cognitiveservices.azure.com/",
                    "CustomTranslator": "https://ais-dev-ea-ai-sho-63de.cognitiveservices.azure.com/",
                    "DocumentTranslation": "https://ais-dev-ea-ai-sho-63de.cognitiveservices.azure.com/",
                    "FormRecognizer": "https://ais-dev-ea-ai-sho-63de.cognitiveservices.azure.com/",
                    "LUIS": "https://ais-dev-ea-ai-sho-63de.cognitiveservices.azure.com/",
                    "Language": "https://ais-dev-ea-ai-sho-63de.cognitiveservices.azure.com/",
                    "Mistral AI API": "https://ais-dev-ea-ai-sho-63de.services.ai.azure.com/",
                    "OpenAI Dall-E API": "https://ais-dev-ea-ai-sho-63de.openai.azure.com/",
                    "OpenAI Language Model Instance API": "https://ais-dev-ea-ai-sho-63de.openai.azure.com/",
                    "OpenAI Model Scaleset API": "https://ais-dev-ea-ai-sho-63de.openai.azure.com/",
                    "OpenAI Moderations API": "https://ais-dev-ea-ai-sho-63de.openai.azure.com/",
                    "OpenAI Realtime API": "https://ais-dev-ea-ai-sho-63de.openai.azure.com/",
                    "OpenAI Sora API": "https://ais-dev-ea-ai-sho-63de.openai.azure.com/",
                    "OpenAI Whisper API": "https://ais-dev-ea-ai-sho-63de.openai.azure.com/",
                    "QnAMaker": "https://ais-dev-ea-ai-sho-63de.cognitiveservices.azure.com/",
                    "QuestionAnswering": "https://ais-dev-ea-ai-sho-63de.cognitiveservices.azure.com/",
                    "Speech Services Audio Content Creation": "https://ais-dev-ea-ai-sho-63de.cognitiveservices.azure.com/",
                    "Speech Services Batch Avatar": "https://ais-dev-ea-ai-sho-63de.cognitiveservices.azure.com/",
                    "Speech Services Batch Text to Speech": "https://ais-dev-ea-ai-sho-63de.cognitiveservices.azure.com/",
                    "Speech Services Custom Avatar": "https://ais-dev-ea-ai-sho-63de.cognitiveservices.azure.com/",
                    "Speech Services Custom Voice": "https://ais-dev-ea-ai-sho-63de.cognitiveservices.azure.com/",
                    "Speech Services Custom Voice Trial": "https://ais-dev-ea-ai-sho-63de.cognitiveservices.azure.com/",
                    "Speech Services Speaker Identification": "https://ais-dev-ea-ai-sho-63de.cognitiveservices.azure.com/",
                    "Speech Services Speaker Verification": "https://ais-dev-ea-ai-sho-63de.cognitiveservices.azure.com/",
                    "Speech Services Speech to Text": "https://ais-dev-ea-ai-sho-63de.cognitiveservices.azure.com/",
                    "Speech Services Speech to Text (Standard)": "https://eastus2.stt.speech.microsoft.com",
                    "Speech Services Speech to Text 2024-05-15-preview": "https://ais-dev-ea-ai-sho-63de.cognitiveservices.azure.com/",
                    "Speech Services Speech to Text 2024-11-15": "https://ais-dev-ea-ai-sho-63de.cognitiveservices.azure.com/",
                    "Speech Services Speech to Text v3.2": "https://ais-dev-ea-ai-sho-63de.cognitiveservices.azure.com/",
                    "Speech Services Speech to Text v3.2_internal.1": "https://ais-dev-ea-ai-sho-63de.cognitiveservices.azure.com/",
                    "Speech Services Text to Speech (Neural)": "https://eastus2.tts.speech.microsoft.com",
                    "Text Analytics": "https://ais-dev-ea-ai-sho-63de.cognitiveservices.azure.com/",
                    "TextTranslation": "https://ais-dev-ea-ai-sho-63de.cognitiveservices.azure.com/",
                    "TextTranslation-Global": "https://api.cognitive.microsofttranslator.com/",
                    "Token": "https://ais-dev-ea-ai-sho-63de.cognitiveservices.azure.com/",
                    "Token Service API": "https://ais-dev-ea-ai-sho-63de.openai.azure.com/",
                    "Turing": "https://ais-dev-ea-ai-sho-63de.cognitiveservices.azure.com/",
                    "Video Translation": "https://ais-dev-ea-ai-sho-63de.cognitiveservices.azure.com/",
                    "Voice Agent Realtime API": "https://ais-dev-ea-ai-sho-63de.cognitiveservices.azure.com/",
                    "Voice Live Realtime API": "https://ais-dev-ea-ai-sho-63de.cognitiveservices.azure.com/"
                  },
                  "internalId": "7615536172174fd3876c8b590d8914d9",
                  "isMigrated": false,
                  "privateEndpointConnections": [],
                  "provisioningState": "Succeeded",
                  "publicNetworkAccess": "Enabled"
                },
                "sku": {
                  "name": "S0"
                },
                "systemData": {
                  "createdAt": "2025-08-20T17:14:31.5960588Z",
                  "createdBy": "admin@MngEnv998454.onmicrosoft.com",
                  "createdByType": "User",
                  "lastModifiedAt": "2025-08-20T17:14:31.5960588Z",
                  "lastModifiedBy": "admin@MngEnv998454.onmicrosoft.com",
                  "lastModifiedByType": "User"
                },
                "tags": {
                  "CostControl": "Ignore",
                  "Deployment": "terraform",
                  "Environment": "dev",
                  "Location": "eastus2",
                  "ProjectName": "ai-shop",
                  "SecurityControl": "Ignore",
                  "TypeOfDeployment": "azapi",
                  "azd-env-name": "dev"
                },
                "type": "Microsoft.CognitiveServices/accounts"
              },
              "type": [
                "object",
                {
                  "etag": "string",
                  "id": "string",
                  "identity": [
                    "object",
                    {
                      "principalId": "string",
                      "tenantId": "string",
                      "type": "string"
                    }
                  ],
                  "kind": "string",
                  "location": "string",
                  "name": "string",
                  "properties": [
                    "object",
                    {
                      "allowProjectManagement": "bool",
                      "apiProperties": [
                        "object",
                        {
                          "qnaAzureSearchEndpointKey": "dynamic"
                        }
                      ],
                      "callRateLimit": [
                        "object",
                        {
                          "rules": [
                            "tuple",
                            [
                              [
                                "object",
                                {
                                  "count": "number",
                                  "key": "string",
                                  "matchPatterns": [
                                    "tuple",
                                    [
                                      [
                                        "object",
                                        {
                                          "method": "string",
                                          "path": "string"
                                        }
                                      ]
                                    ]
                                  ],
                                  "renewalPeriod": "number"
                                }
                              ],
                              [
                                "object",
                                {
                                  "count": "number",
                                  "key": "string",
                                  "matchPatterns": [
                                    "tuple",
                                    [
                                      [
                                        "object",
                                        {
                                          "method": "string",
                                          "path": "string"
                                        }
                                      ]
                                    ]
                                  ],
                                  "renewalPeriod": "number"
                                }
                              ],
                              [
                                "object",
                                {
                                  "count": "number",
                                  "key": "string",
                                  "matchPatterns": [
                                    "tuple",
                                    [
                                      [
                                        "object",
                                        {
                                          "method": "string",
                                          "path": "string"
                                        }
                                      ]
                                    ]
                                  ],
                                  "renewalPeriod": "number"
                                }
                              ],
                              [
                                "object",
                                {
                                  "count": "number",
                                  "key": "string",
                                  "matchPatterns": [
                                    "tuple",
                                    [
                                      [
                                        "object",
                                        {
                                          "method": "string",
                                          "path": "string"
                                        }
                                      ]
                                    ]
                                  ],
                                  "renewalPeriod": "number"
                                }
                              ],
                              [
                                "object",
                                {
                                  "count": "number",
                                  "key": "string",
                                  "matchPatterns": [
                                    "tuple",
                                    [
                                      [
                                        "object",
                                        {
                                          "method": "string",
                                          "path": "string"
                                        }
                                      ]
                                    ]
                                  ],
                                  "renewalPeriod": "number"
                                }
                              ],
                              [
                                "object",
                                {
                                  "count": "number",
                                  "key": "string",
                                  "matchPatterns": [
                                    "tuple",
                                    [
                                      [
                                        "object",
                                        {
                                          "method": "string",
                                          "path": "string"
                                        }
                                      ]
                                    ]
                                  ],
                                  "renewalPeriod": "number"
                                }
                              ],
                              [
                                "object",
                                {
                                  "count": "number",
                                  "key": "string",
                                  "matchPatterns": [
                                    "tuple",
                                    [
                                      [
                                        "object",
                                        {
                                          "method": "string",
                                          "path": "string"
                                        }
                                      ]
                                    ]
                                  ],
                                  "renewalPeriod": "number"
                                }
                              ],
                              [
                                "object",
                                {
                                  "count": "number",
                                  "key": "string",
                                  "matchPatterns": [
                                    "tuple",
                                    [
                                      [
                                        "object",
                                        {
                                          "method": "string",
                                          "path": "string"
                                        }
                                      ]
                                    ]
                                  ],
                                  "renewalPeriod": "number"
                                }
                              ],
                              [
                                "object",
                                {
                                  "count": "number",
                                  "key": "string",
                                  "matchPatterns": [
                                    "tuple",
                                    [
                                      [
                                        "object",
                                        {
                                          "method": "string",
                                          "path": "string"
                                        }
                                      ]
                                    ]
                                  ],
                                  "renewalPeriod": "number"
                                }
                              ],
                              [
                                "object",
                                {
                                  "count": "number",
                                  "key": "string",
                                  "matchPatterns": [
                                    "tuple",
                                    [
                                      [
                                        "object",
                                        {
                                          "method": "string",
                                          "path": "string"
                                        }
                                      ]
                                    ]
                                  ],
                                  "renewalPeriod": "number"
                                }
                              ],
                              [
                                "object",
                                {
                                  "count": "number",
                                  "key": "string",
                                  "matchPatterns": [
                                    "tuple",
                                    [
                                      [
                                        "object",
                                        {
                                          "method": "string",
                                          "path": "string"
                                        }
                                      ]
                                    ]
                                  ],
                                  "renewalPeriod": "number"
                                }
                              ],
                              [
                                "object",
                                {
                                  "count": "number",
                                  "key": "string",
                                  "matchPatterns": [
                                    "tuple",
                                    [
                                      [
                                        "object",
                                        {
                                          "method": "string",
                                          "path": "string"
                                        }
                                      ]
                                    ]
                                  ],
                                  "renewalPeriod": "number"
                                }
                              ],
                              [
                                "object",
                                {
                                  "count": "number",
                                  "key": "string",
                                  "matchPatterns": [
                                    "tuple",
                                    [
                                      [
                                        "object",
                                        {
                                          "method": "string",
                                          "path": "string"
                                        }
                                      ]
                                    ]
                                  ],
                                  "renewalPeriod": "number"
                                }
                              ],
                              [
                                "object",
                                {
                                  "count": "number",
                                  "key": "string",
                                  "matchPatterns": [
                                    "tuple",
                                    [
                                      [
                                        "object",
                                        {
                                          "method": "string",
                                          "path": "string"
                                        }
                                      ]
                                    ]
                                  ],
                                  "renewalPeriod": "number"
                                }
                              ],
                              [
                                "object",
                                {
                                  "count": "number",
                                  "key": "string",
                                  "matchPatterns": [
                                    "tuple",
                                    [
                                      [
                                        "object",
                                        {
                                          "method": "string",
                                          "path": "string"
                                        }
                                      ]
                                    ]
                                  ],
                                  "renewalPeriod": "number"
                                }
                              ],
                              [
                                "object",
                                {
                                  "count": "number",
                                  "key": "string",
                                  "matchPatterns": [
                                    "tuple",
                                    [
                                      [
                                        "object",
                                        {
                                          "method": "string",
                                          "path": "string"
                                        }
                                      ]
                                    ]
                                  ],
                                  "renewalPeriod": "number"
                                }
                              ],
                              [
                                "object",
                                {
                                  "count": "number",
                                  "key": "string",
                                  "matchPatterns": [
                                    "tuple",
                                    [
                                      [
                                        "object",
                                        {
                                          "method": "string",
                                          "path": "string"
                                        }
                                      ]
                                    ]
                                  ],
                                  "renewalPeriod": "number"
                                }
                              ],
                              [
                                "object",
                                {
                                  "count": "number",
                                  "key": "string",
                                  "matchPatterns": [
                                    "tuple",
                                    [
                                      [
                                        "object",
                                        {
                                          "method": "string",
                                          "path": "string"
                                        }
                                      ]
                                    ]
                                  ],
                                  "renewalPeriod": "number"
                                }
                              ],
                              [
                                "object",
                                {
                                  "count": "number",
                                  "key": "string",
                                  "matchPatterns": [
                                    "tuple",
                                    [
                                      [
                                        "object",
                                        {
                                          "method": "string",
                                          "path": "string"
                                        }
                                      ]
                                    ]
                                  ],
                                  "renewalPeriod": "number"
                                }
                              ],
                              [
                                "object",
                                {
                                  "count": "number",
                                  "key": "string",
                                  "matchPatterns": [
                                    "tuple",
                                    [
                                      [
                                        "object",
                                        {
                                          "method": "string",
                                          "path": "string"
                                        }
                                      ]
                                    ]
                                  ],
                                  "renewalPeriod": "number"
                                }
                              ],
                              [
                                "object",
                                {
                                  "count": "number",
                                  "key": "string",
                                  "matchPatterns": [
                                    "tuple",
                                    [
                                      [
                                        "object",
                                        {
                                          "method": "string",
                                          "path": "string"
                                        }
                                      ]
                                    ]
                                  ],
                                  "renewalPeriod": "number"
                                }
                              ],
                              [
                                "object",
                                {
                                  "count": "number",
                                  "key": "string",
                                  "matchPatterns": [
                                    "tuple",
                                    [
                                      [
                                        "object",
                                        {
                                          "method": "string",
                                          "path": "string"
                                        }
                                      ]
                                    ]
                                  ],
                                  "renewalPeriod": "number"
                                }
                              ],
                              [
                                "object",
                                {
                                  "count": "number",
                                  "key": "string",
                                  "matchPatterns": [
                                    "tuple",
                                    [
                                      [
                                        "object",
                                        {
                                          "method": "string",
                                          "path": "string"
                                        }
                                      ]
                                    ]
                                  ],
                                  "renewalPeriod": "number"
                                }
                              ],
                              [
                                "object",
                                {
                                  "count": "number",
                                  "key": "string",
                                  "matchPatterns": [
                                    "tuple",
                                    [
                                      [
                                        "object",
                                        {
                                          "method": "string",
                                          "path": "string"
                                        }
                                      ]
                                    ]
                                  ],
                                  "renewalPeriod": "number"
                                }
                              ],
                              [
                                "object",
                                {
                                  "count": "number",
                                  "key": "string",
                                  "matchPatterns": [
                                    "tuple",
                                    [
                                      [
                                        "object",
                                        {
                                          "method": "string",
                                          "path": "string"
                                        }
                                      ]
                                    ]
                                  ],
                                  "renewalPeriod": "number"
                                }
                              ],
                              [
                                "object",
                                {
                                  "count": "number",
                                  "key": "string",
                                  "matchPatterns": [
                                    "tuple",
                                    [
                                      [
                                        "object",
                                        {
                                          "method": "string",
                                          "path": "string"
                                        }
                                      ]
                                    ]
                                  ],
                                  "renewalPeriod": "number"
                                }
                              ],
                              [
                                "object",
                                {
                                  "count": "number",
                                  "key": "string",
                                  "matchPatterns": [
                                    "tuple",
                                    [
                                      [
                                        "object",
                                        {
                                          "method": "string",
                                          "path": "string"
                                        }
                                      ]
                                    ]
                                  ],
                                  "renewalPeriod": "number"
                                }
                              ],
                              [
                                "object",
                                {
                                  "count": "number",
                                  "key": "string",
                                  "matchPatterns": [
                                    "tuple",
                                    [
                                      [
                                        "object",
                                        {
                                          "method": "string",
                                          "path": "string"
                                        }
                                      ]
                                    ]
                                  ],
                                  "renewalPeriod": "number"
                                }
                              ],
                              [
                                "object",
                                {
                                  "count": "number",
                                  "key": "string",
                                  "matchPatterns": [
                                    "tuple",
                                    [
                                      [
                                        "object",
                                        {
                                          "method": "string",
                                          "path": "string"
                                        }
                                      ]
                                    ]
                                  ],
                                  "renewalPeriod": "number"
                                }
                              ],
                              [
                                "object",
                                {
                                  "count": "number",
                                  "key": "string",
                                  "matchPatterns": [
                                    "tuple",
                                    [
                                      [
                                        "object",
                                        {
                                          "method": "string",
                                          "path": "string"
                                        }
                                      ]
                                    ]
                                  ],
                                  "renewalPeriod": "number"
                                }
                              ],
                              [
                                "object",
                                {
                                  "count": "number",
                                  "dynamicThrottlingEnabled": "bool",
                                  "key": "string",
                                  "matchPatterns": [
                                    "tuple",
                                    [
                                      [
                                        "object",
                                        {
                                          "method": "string",
                                          "path": "string"
                                        }
                                      ],
                                      [
                                        "object",
                                        {
                                          "method": "string",
                                          "path": "string"
                                        }
                                      ],
                                      [
                                        "object",
                                        {
                                          "method": "string",
                                          "path": "string"
                                        }
                                      ]
                                    ]
                                  ],
                                  "renewalPeriod": "number"
                                }
                              ],
                              [
                                "object",
                                {
                                  "count": "number",
                                  "key": "string",
                                  "matchPatterns": [
                                    "tuple",
                                    [
                                      [
                                        "object",
                                        {
                                          "method": "string",
                                          "path": "string"
                                        }
                                      ],
                                      [
                                        "object",
                                        {
                                          "method": "string",
                                          "path": "string"
                                        }
                                      ],
                                      [
                                        "object",
                                        {
                                          "method": "string",
                                          "path": "string"
                                        }
                                      ]
                                    ]
                                  ],
                                  "renewalPeriod": "number"
                                }
                              ],
                              [
                                "object",
                                {
                                  "count": "number",
                                  "key": "string",
                                  "matchPatterns": [
                                    "tuple",
                                    [
                                      [
                                        "object",
                                        {
                                          "method": "string",
                                          "path": "string"
                                        }
                                      ]
                                    ]
                                  ],
                                  "renewalPeriod": "number"
                                }
                              ],
                              [
                                "object",
                                {
                                  "count": "number",
                                  "dynamicThrottlingEnabled": "bool",
                                  "key": "string",
                                  "matchPatterns": [
                                    "tuple",
                                    [
                                      [
                                        "object",
                                        {
                                          "method": "string",
                                          "path": "string"
                                        }
                                      ]
                                    ]
                                  ],
                                  "renewalPeriod": "number"
                                }
                              ],
                              [
                                "object",
                                {
                                  "count": "number",
                                  "key": "string",
                                  "matchPatterns": [
                                    "tuple",
                                    [
                                      [
                                        "object",
                                        {
                                          "method": "string",
                                          "path": "string"
                                        }
                                      ]
                                    ]
                                  ],
                                  "renewalPeriod": "number"
                                }
                              ],
                              [
                                "object",
                                {
                                  "count": "number",
                                  "key": "string",
                                  "matchPatterns": [
                                    "tuple",
                                    [
                                      [
                                        "object",
                                        {
                                          "method": "string",
                                          "path": "string"
                                        }
                                      ]
                                    ]
                                  ],
                                  "renewalPeriod": "number"
                                }
                              ],
                              [
                                "object",
                                {
                                  "count": "number",
                                  "key": "string",
                                  "matchPatterns": [
                                    "tuple",
                                    [
                                      [
                                        "object",
                                        {
                                          "method": "string",
                                          "path": "string"
                                        }
                                      ]
                                    ]
                                  ],
                                  "renewalPeriod": "number"
                                }
                              ],
                              [
                                "object",
                                {
                                  "count": "number",
                                  "key": "string",
                                  "matchPatterns": [
                                    "tuple",
                                    [
                                      [
                                        "object",
                                        {
                                          "method": "string",
                                          "path": "string"
                                        }
                                      ]
                                    ]
                                  ],
                                  "renewalPeriod": "number"
                                }
                              ],
                              [
                                "object",
                                {
                                  "count": "number",
                                  "key": "string",
                                  "matchPatterns": [
                                    "tuple",
                                    [
                                      [
                                        "object",
                                        {
                                          "method": "string",
                                          "path": "string"
                                        }
                                      ]
                                    ]
                                  ],
                                  "renewalPeriod": "number"
                                }
                              ],
                              [
                                "object",
                                {
                                  "count": "number",
                                  "key": "string",
                                  "matchPatterns": [
                                    "tuple",
                                    [
                                      [
                                        "object",
                                        {
                                          "method": "string",
                                          "path": "string"
                                        }
                                      ]
                                    ]
                                  ],
                                  "renewalPeriod": "number"
                                }
                              ],
                              [
                                "object",
                                {
                                  "count": "number",
                                  "key": "string",
                                  "matchPatterns": [
                                    "tuple",
                                    [
                                      [
                                        "object",
                                        {
                                          "method": "string",
                                          "path": "string"
                                        }
                                      ]
                                    ]
                                  ],
                                  "renewalPeriod": "number"
                                }
                              ],
                              [
                                "object",
                                {
                                  "count": "number",
                                  "key": "string",
                                  "matchPatterns": [
                                    "tuple",
                                    [
                                      [
                                        "object",
                                        {
                                          "method": "string",
                                          "path": "string"
                                        }
                                      ]
                                    ]
                                  ],
                                  "renewalPeriod": "number"
                                }
                              ],
                              [
                                "object",
                                {
                                  "count": "number",
                                  "key": "string",
                                  "matchPatterns": [
                                    "tuple",
                                    [
                                      [
                                        "object",
                                        {
                                          "method": "string",
                                          "path": "string"
                                        }
                                      ]
                                    ]
                                  ],
                                  "renewalPeriod": "number"
                                }
                              ],
                              [
                                "object",
                                {
                                  "count": "number",
                                  "key": "string",
                                  "matchPatterns": [
                                    "tuple",
                                    [
                                      [
                                        "object",
                                        {
                                          "method": "string",
                                          "path": "string"
                                        }
                                      ]
                                    ]
                                  ],
                                  "renewalPeriod": "number"
                                }
                              ],
                              [
                                "object",
                                {
                                  "count": "number",
                                  "key": "string",
                                  "matchPatterns": [
                                    "tuple",
                                    [
                                      [
                                        "object",
                                        {
                                          "method": "string",
                                          "path": "string"
                                        }
                                      ]
                                    ]
                                  ],
                                  "renewalPeriod": "number"
                                }
                              ],
                              [
                                "object",
                                {
                                  "count": "number",
                                  "key": "string",
                                  "matchPatterns": [
                                    "tuple",
                                    [
                                      [
                                        "object",
                                        {
                                          "method": "string",
                                          "path": "string"
                                        }
                                      ]
                                    ]
                                  ],
                                  "renewalPeriod": "number"
                                }
                              ],
                              [
                                "object",
                                {
                                  "count": "number",
                                  "key": "string",
                                  "matchPatterns": [
                                    "tuple",
                                    [
                                      [
                                        "object",
                                        {
                                          "method": "string",
                                          "path": "string"
                                        }
                                      ]
                                    ]
                                  ],
                                  "renewalPeriod": "number"
                                }
                              ],
                              [
                                "object",
                                {
                                  "count": "number",
                                  "key": "string",
                                  "matchPatterns": [
                                    "tuple",
                                    [
                                      [
                                        "object",
                                        {
                                          "method": "string",
                                          "path": "string"
                                        }
                                      ]
                                    ]
                                  ],
                                  "renewalPeriod": "number"
                                }
                              ],
                              [
                                "object",
                                {
                                  "count": "number",
                                  "key": "string",
                                  "matchPatterns": [
                                    "tuple",
                                    [
                                      [
                                        "object",
                                        {
                                          "method": "string",
                                          "path": "string"
                                        }
                                      ]
                                    ]
                                  ],
                                  "renewalPeriod": "number"
                                }
                              ],
                              [
                                "object",
                                {
                                  "count": "number",
                                  "key": "string",
                                  "matchPatterns": [
                                    "tuple",
                                    [
                                      [
                                        "object",
                                        {
                                          "method": "string",
                                          "path": "string"
                                        }
                                      ],
                                      [
                                        "object",
                                        {
                                          "method": "string",
                                          "path": "string"
                                        }
                                      ],
                                      [
                                        "object",
                                        {
                                          "method": "string",
                                          "path": "string"
                                        }
                                      ]
                                    ]
                                  ],
                                  "renewalPeriod": "number"
                                }
                              ],
                              [
                                "object",
                                {
                                  "count": "number",
                                  "key": "string",
                                  "matchPatterns": [
                                    "tuple",
                                    [
                                      [
                                        "object",
                                        {
                                          "method": "string",
                                          "path": "string"
                                        }
                                      ]
                                    ]
                                  ],
                                  "renewalPeriod": "number"
                                }
                              ],
                              [
                                "object",
                                {
                                  "count": "number",
                                  "key": "string",
                                  "matchPatterns": [
                                    "tuple",
                                    [
                                      [
                                        "object",
                                        {
                                          "method": "string",
                                          "path": "string"
                                        }
                                      ]
                                    ]
                                  ],
                                  "renewalPeriod": "number"
                                }
                              ],
                              [
                                "object",
                                {
                                  "count": "number",
                                  "key": "string",
                                  "matchPatterns": [
                                    "tuple",
                                    [
                                      [
                                        "object",
                                        {
                                          "method": "string",
                                          "path": "string"
                                        }
                                      ]
                                    ]
                                  ],
                                  "renewalPeriod": "number"
                                }
                              ],
                              [
                                "object",
                                {
                                  "count": "number",
                                  "key": "string",
                                  "matchPatterns": [
                                    "tuple",
                                    [
                                      [
                                        "object",
                                        {
                                          "method": "string",
                                          "path": "string"
                                        }
                                      ]
                                    ]
                                  ],
                                  "renewalPeriod": "number"
                                }
                              ],
                              [
                                "object",
                                {
                                  "count": "number",
                                  "key": "string",
                                  "matchPatterns": [
                                    "tuple",
                                    [
                                      [
                                        "object",
                                        {
                                          "method": "string",
                                          "path": "string"
                                        }
                                      ],
                                      [
                                        "object",
                                        {
                                          "method": "string",
                                          "path": "string"
                                        }
                                      ]
                                    ]
                                  ],
                                  "renewalPeriod": "number"
                                }
                              ],
                              [
                                "object",
                                {
                                  "count": "number",
                                  "key": "string",
                                  "matchPatterns": [
                                    "tuple",
                                    [
                                      [
                                        "object",
                                        {
                                          "method": "string",
                                          "path": "string"
                                        }
                                      ]
                                    ]
                                  ],
                                  "renewalPeriod": "number"
                                }
                              ],
                              [
                                "object",
                                {
                                  "count": "number",
                                  "dynamicThrottlingEnabled": "bool",
                                  "key": "string",
                                  "matchPatterns": [
                                    "tuple",
                                    [
                                      [
                                        "object",
                                        {
                                          "method": "string",
                                          "path": "string"
                                        }
                                      ],
                                      [
                                        "object",
                                        {
                                          "method": "string",
                                          "path": "string"
                                        }
                                      ],
                                      [
                                        "object",
                                        {
                                          "method": "string",
                                          "path": "string"
                                        }
                                      ],
                                      [
                                        "object",
                                        {
                                          "method": "string",
                                          "path": "string"
                                        }
                                      ],
                                      [
                                        "object",
                                        {
                                          "method": "string",
                                          "path": "string"
                                        }
                                      ],
                                      [
                                        "object",
                                        {
                                          "method": "string",
                                          "path": "string"
                                        }
                                      ],
                                      [
                                        "object",
                                        {
                                          "method": "string",
                                          "path": "string"
                                        }
                                      ],
                                      [
                                        "object",
                                        {
                                          "method": "string",
                                          "path": "string"
                                        }
                                      ],
                                      [
                                        "object",
                                        {
                                          "method": "string",
                                          "path": "string"
                                        }
                                      ],
                                      [
                                        "object",
                                        {
                                          "method": "string",
                                          "path": "string"
                                        }
                                      ],
                                      [
                                        "object",
                                        {
                                          "method": "string",
                                          "path": "string"
                                        }
                                      ],
                                      [
                                        "object",
                                        {
                                          "method": "string",
                                          "path": "string"
                                        }
                                      ],
                                      [
                                        "object",
                                        {
                                          "method": "string",
                                          "path": "string"
                                        }
                                      ],
                                      [
                                        "object",
                                        {
                                          "method": "string",
                                          "path": "string"
                                        }
                                      ],
                                      [
                                        "object",
                                        {
                                          "method": "string",
                                          "path": "string"
                                        }
                                      ],
                                      [
                                        "object",
                                        {
                                          "method": "string",
                                          "path": "string"
                                        }
                                      ]
                                    ]
                                  ],
                                  "renewalPeriod": "number"
                                }
                              ],
                              [
                                "object",
                                {
                                  "count": "number",
                                  "dynamicThrottlingEnabled": "bool",
                                  "key": "string",
                                  "matchPatterns": [
                                    "tuple",
                                    [
                                      [
                                        "object",
                                        {
                                          "method": "string",
                                          "path": "string"
                                        }
                                      ],
                                      [
                                        "object",
                                        {
                                          "method": "string",
                                          "path": "string"
                                        }
                                      ],
                                      [
                                        "object",
                                        {
                                          "method": "string",
                                          "path": "string"
                                        }
                                      ],
                                      [
                                        "object",
                                        {
                                          "method": "string",
                                          "path": "string"
                                        }
                                      ],
                                      [
                                        "object",
                                        {
                                          "method": "string",
                                          "path": "string"
                                        }
                                      ],
                                      [
                                        "object",
                                        {
                                          "method": "string",
                                          "path": "string"
                                        }
                                      ],
                                      [
                                        "object",
                                        {
                                          "method": "string",
                                          "path": "string"
                                        }
                                      ],
                                      [
                                        "object",
                                        {
                                          "method": "string",
                                          "path": "string"
                                        }
                                      ],
                                      [
                                        "object",
                                        {
                                          "method": "string",
                                          "path": "string"
                                        }
                                      ],
                                      [
                                        "object",
                                        {
                                          "method": "string",
                                          "path": "string"
                                        }
                                      ],
                                      [
                                        "object",
                                        {
                                          "method": "string",
                                          "path": "string"
                                        }
                                      ],
                                      [
                                        "object",
                                        {
                                          "method": "string",
                                          "path": "string"
                                        }
                                      ],
                                      [
                                        "object",
                                        {
                                          "method": "string",
                                          "path": "string"
                                        }
                                      ],
                                      [
                                        "object",
                                        {
                                          "method": "string",
                                          "path": "string"
                                        }
                                      ],
                                      [
                                        "object",
                                        {
                                          "method": "string",
                                          "path": "string"
                                        }
                                      ],
                                      [
                                        "object",
                                        {
                                          "method": "string",
                                          "path": "string"
                                        }
                                      ],
                                      [
                                        "object",
                                        {
                                          "method": "string",
                                          "path": "string"
                                        }
                                      ],
                                      [
                                        "object",
                                        {
                                          "method": "string",
                                          "path": "string"
                                        }
                                      ],
                                      [
                                        "object",
                                        {
                                          "method": "string",
                                          "path": "string"
                                        }
                                      ],
                                      [
                                        "object",
                                        {
                                          "method": "string",
                                          "path": "string"
                                        }
                                      ],
                                      [
                                        "object",
                                        {
                                          "method": "string",
                                          "path": "string"
                                        }
                                      ],
                                      [
                                        "object",
                                        {
                                          "method": "string",
                                          "path": "string"
                                        }
                                      ],
                                      [
                                        "object",
                                        {
                                          "method": "string",
                                          "path": "string"
                                        }
                                      ],
                                      [
                                        "object",
                                        {
                                          "method": "string",
                                          "path": "string"
                                        }
                                      ],
                                      [
                                        "object",
                                        {
                                          "method": "string",
                                          "path": "string"
                                        }
                                      ]
                                    ]
                                  ],
                                  "renewalPeriod": "number"
                                }
                              ],
                              [
                                "object",
                                {
                                  "count": "number",
                                  "dynamicThrottlingEnabled": "bool",
                                  "key": "string",
                                  "matchPatterns": [
                                    "tuple",
                                    [
                                      [
                                        "object",
                                        {
                                          "method": "string",
                                          "path": "string"
                                        }
                                      ],
                                      [
                                        "object",
                                        {
                                          "method": "string",
                                          "path": "string"
                                        }
                                      ],
                                      [
                                        "object",
                                        {
                                          "method": "string",
                                          "path": "string"
                                        }
                                      ],
                                      [
                                        "object",
                                        {
                                          "method": "string",
                                          "path": "string"
                                        }
                                      ],
                                      [
                                        "object",
                                        {
                                          "method": "string",
                                          "path": "string"
                                        }
                                      ],
                                      [
                                        "object",
                                        {
                                          "method": "string",
                                          "path": "string"
                                        }
                                      ],
                                      [
                                        "object",
                                        {
                                          "method": "string",
                                          "path": "string"
                                        }
                                      ],
                                      [
                                        "object",
                                        {
                                          "method": "string",
                                          "path": "string"
                                        }
                                      ],
                                      [
                                        "object",
                                        {
                                          "method": "string",
                                          "path": "string"
                                        }
                                      ],
                                      [
                                        "object",
                                        {
                                          "method": "string",
                                          "path": "string"
                                        }
                                      ]
                                    ]
                                  ],
                                  "renewalPeriod": "number"
                                }
                              ],
                              [
                                "object",
                                {
                                  "count": "number",
                                  "dynamicThrottlingEnabled": "bool",
                                  "key": "string",
                                  "matchPatterns": [
                                    "tuple",
                                    [
                                      [
                                        "object",
                                        {
                                          "method": "string",
                                          "path": "string"
                                        }
                                      ],
                                      [
                                        "object",
                                        {
                                          "method": "string",
                                          "path": "string"
                                        }
                                      ],
                                      [
                                        "object",
                                        {
                                          "method": "string",
                                          "path": "string"
                                        }
                                      ],
                                      [
                                        "object",
                                        {
                                          "method": "string",
                                          "path": "string"
                                        }
                                      ],
                                      [
                                        "object",
                                        {
                                          "method": "string",
                                          "path": "string"
                                        }
                                      ],
                                      [
                                        "object",
                                        {
                                          "method": "string",
                                          "path": "string"
                                        }
                                      ],
                                      [
                                        "object",
                                        {
                                          "method": "string",
                                          "path": "string"
                                        }
                                      ],
                                      [
                                        "object",
                                        {
                                          "method": "string",
                                          "path": "string"
                                        }
                                      ],
                                      [
                                        "object",
                                        {
                                          "method": "string",
                                          "path": "string"
                                        }
                                      ],
                                      [
                                        "object",
                                        {
                                          "method": "string",
                                          "path": "string"
                                        }
                                      ],
                                      [
                                        "object",
                                        {
                                          "method": "string",
                                          "path": "string"
                                        }
                                      ],
                                      [
                                        "object",
                                        {
                                          "method": "string",
                                          "path": "string"
                                        }
                                      ],
                                      [
                                        "object",
                                        {
                                          "method": "string",
                                          "path": "string"
                                        }
                                      ],
                                      [
                                        "object",
                                        {
                                          "method": "string",
                                          "path": "string"
                                        }
                                      ],
                                      [
                                        "object",
                                        {
                                          "method": "string",
                                          "path": "string"
                                        }
                                      ],
                                      [
                                        "object",
                                        {
                                          "method": "string",
                                          "path": "string"
                                        }
                                      ],
                                      [
                                        "object",
                                        {
                                          "method": "string",
                                          "path": "string"
                                        }
                                      ],
                                      [
                                        "object",
                                        {
                                          "method": "string",
                                          "path": "string"
                                        }
                                      ],
                                      [
                                        "object",
                                        {
                                          "method": "string",
                                          "path": "string"
                                        }
                                      ],
                                      [
                                        "object",
                                        {
                                          "method": "string",
                                          "path": "string"
                                        }
                                      ],
                                      [
                                        "object",
                                        {
                                          "method": "string",
                                          "path": "string"
                                        }
                                      ],
                                      [
                                        "object",
                                        {
                                          "method": "string",
                                          "path": "string"
                                        }
                                      ],
                                      [
                                        "object",
                                        {
                                          "method": "string",
                                          "path": "string"
                                        }
                                      ],
                                      [
                                        "object",
                                        {
                                          "method": "string",
                                          "path": "string"
                                        }
                                      ],
                                      [
                                        "object",
                                        {
                                          "method": "string",
                                          "path": "string"
                                        }
                                      ]
                                    ]
                                  ],
                                  "renewalPeriod": "number"
                                }
                              ],
                              [
                                "object",
                                {
                                  "count": "number",
                                  "key": "string",
                                  "matchPatterns": [
                                    "tuple",
                                    [
                                      [
                                        "object",
                                        {
                                          "method": "string",
                                          "path": "string"
                                        }
                                      ]
                                    ]
                                  ],
                                  "renewalPeriod": "number"
                                }
                              ],
                              [
                                "object",
                                {
                                  "count": "number",
                                  "key": "string",
                                  "matchPatterns": [
                                    "tuple",
                                    [
                                      [
                                        "object",
                                        {
                                          "method": "string",
                                          "path": "string"
                                        }
                                      ]
                                    ]
                                  ],
                                  "renewalPeriod": "number"
                                }
                              ],
                              [
                                "object",
                                {
                                  "count": "number",
                                  "key": "string",
                                  "matchPatterns": [
                                    "tuple",
                                    [
                                      [
                                        "object",
                                        {
                                          "method": "string",
                                          "path": "string"
                                        }
                                      ],
                                      [
                                        "object",
                                        {
                                          "method": "string",
                                          "path": "string"
                                        }
                                      ],
                                      [
                                        "object",
                                        {
                                          "method": "string",
                                          "path": "string"
                                        }
                                      ],
                                      [
                                        "object",
                                        {
                                          "method": "string",
                                          "path": "string"
                                        }
                                      ]
                                    ]
                                  ],
                                  "renewalPeriod": "number"
                                }
                              ],
                              [
                                "object",
                                {
                                  "count": "number",
                                  "dynamicThrottlingEnabled": "bool",
                                  "key": "string",
                                  "matchPatterns": [
                                    "tuple",
                                    [
                                      [
                                        "object",
                                        {
                                          "method": "string",
                                          "path": "string"
                                        }
                                      ],
                                      [
                                        "object",
                                        {
                                          "method": "string",
                                          "path": "string"
                                        }
                                      ],
                                      [
                                        "object",
                                        {
                                          "method": "string",
                                          "path": "string"
                                        }
                                      ]
                                    ]
                                  ],
                                  "renewalPeriod": "number"
                                }
                              ],
                              [
                                "object",
                                {
                                  "count": "number",
                                  "dynamicThrottlingEnabled": "bool",
                                  "key": "string",
                                  "matchPatterns": [
                                    "tuple",
                                    [
                                      [
                                        "object",
                                        {
                                          "method": "string",
                                          "path": "string"
                                        }
                                      ]
                                    ]
                                  ],
                                  "renewalPeriod": "number"
                                }
                              ],
                              [
                                "object",
                                {
                                  "count": "number",
                                  "key": "string",
                                  "matchPatterns": [
                                    "tuple",
                                    [
                                      [
                                        "object",
                                        {
                                          "method": "string",
                                          "path": "string"
                                        }
                                      ]
                                    ]
                                  ],
                                  "renewalPeriod": "number"
                                }
                              ],
                              [
                                "object",
                                {
                                  "count": "number",
                                  "dynamicThrottlingEnabled": "bool",
                                  "key": "string",
                                  "matchPatterns": [
                                    "tuple",
                                    [
                                      [
                                        "object",
                                        {
                                          "method": "string",
                                          "path": "string"
                                        }
                                      ]
                                    ]
                                  ],
                                  "renewalPeriod": "number"
                                }
                              ],
                              [
                                "object",
                                {
                                  "count": "number",
                                  "dynamicThrottlingEnabled": "bool",
                                  "key": "string",
                                  "matchPatterns": [
                                    "tuple",
                                    [
                                      [
                                        "object",
                                        {
                                          "method": "string",
                                          "path": "string"
                                        }
                                      ]
                                    ]
                                  ],
                                  "renewalPeriod": "number"
                                }
                              ],
                              [
                                "object",
                                {
                                  "count": "number",
                                  "dynamicThrottlingEnabled": "bool",
                                  "key": "string",
                                  "matchPatterns": [
                                    "tuple",
                                    [
                                      [
                                        "object",
                                        {
                                          "method": "string",
                                          "path": "string"
                                        }
                                      ]
                                    ]
                                  ],
                                  "renewalPeriod": "number"
                                }
                              ],
                              [
                                "object",
                                {
                                  "count": "number",
                                  "dynamicThrottlingEnabled": "bool",
                                  "key": "string",
                                  "matchPatterns": [
                                    "tuple",
                                    [
                                      [
                                        "object",
                                        {
                                          "method": "string",
                                          "path": "string"
                                        }
                                      ]
                                    ]
                                  ],
                                  "renewalPeriod": "number"
                                }
                              ],
                              [
                                "object",
                                {
                                  "count": "number",
                                  "dynamicThrottlingEnabled": "bool",
                                  "key": "string",
                                  "matchPatterns": [
                                    "tuple",
                                    [
                                      [
                                        "object",
                                        {
                                          "method": "string",
                                          "path": "string"
                                        }
                                      ]
                                    ]
                                  ],
                                  "renewalPeriod": "number"
                                }
                              ],
                              [
                                "object",
                                {
                                  "count": "number",
                                  "dynamicThrottlingEnabled": "bool",
                                  "key": "string",
                                  "matchPatterns": [
                                    "tuple",
                                    [
                                      [
                                        "object",
                                        {
                                          "method": "string",
                                          "path": "string"
                                        }
                                      ]
                                    ]
                                  ],
                                  "renewalPeriod": "number"
                                }
                              ],
                              [
                                "object",
                                {
                                  "count": "number",
                                  "dynamicThrottlingEnabled": "bool",
                                  "key": "string",
                                  "matchPatterns": [
                                    "tuple",
                                    [
                                      [
                                        "object",
                                        {
                                          "method": "string",
                                          "path": "string"
                                        }
                                      ]
                                    ]
                                  ],
                                  "renewalPeriod": "number"
                                }
                              ],
                              [
                                "object",
                                {
                                  "count": "number",
                                  "dynamicThrottlingEnabled": "bool",
                                  "key": "string",
                                  "matchPatterns": [
                                    "tuple",
                                    [
                                      [
                                        "object",
                                        {
                                          "method": "string",
                                          "path": "string"
                                        }
                                      ]
                                    ]
                                  ],
                                  "renewalPeriod": "number"
                                }
                              ],
                              [
                                "object",
                                {
                                  "count": "number",
                                  "dynamicThrottlingEnabled": "bool",
                                  "key": "string",
                                  "matchPatterns": [
                                    "tuple",
                                    [
                                      [
                                        "object",
                                        {
                                          "method": "string",
                                          "path": "string"
                                        }
                                      ]
                                    ]
                                  ],
                                  "renewalPeriod": "number"
                                }
                              ],
                              [
                                "object",
                                {
                                  "count": "number",
                                  "dynamicThrottlingEnabled": "bool",
                                  "key": "string",
                                  "matchPatterns": [
                                    "tuple",
                                    [
                                      [
                                        "object",
                                        {
                                          "method": "string",
                                          "path": "string"
                                        }
                                      ]
                                    ]
                                  ],
                                  "renewalPeriod": "number"
                                }
                              ],
                              [
                                "object",
                                {
                                  "count": "number",
                                  "dynamicThrottlingEnabled": "bool",
                                  "key": "string",
                                  "matchPatterns": [
                                    "tuple",
                                    [
                                      [
                                        "object",
                                        {
                                          "method": "string",
                                          "path": "string"
                                        }
                                      ]
                                    ]
                                  ],
                                  "renewalPeriod": "number"
                                }
                              ],
                              [
                                "object",
                                {
                                  "count": "number",
                                  "dynamicThrottlingEnabled": "bool",
                                  "key": "string",
                                  "matchPatterns": [
                                    "tuple",
                                    [
                                      [
                                        "object",
                                        {
                                          "method": "string",
                                          "path": "string"
                                        }
                                      ]
                                    ]
                                  ],
                                  "renewalPeriod": "number"
                                }
                              ],
                              [
                                "object",
                                {
                                  "count": "number",
                                  "dynamicThrottlingEnabled": "bool",
                                  "key": "string",
                                  "matchPatterns": [
                                    "tuple",
                                    [
                                      [
                                        "object",
                                        {
                                          "method": "string",
                                          "path": "string"
                                        }
                                      ]
                                    ]
                                  ],
                                  "renewalPeriod": "number"
                                }
                              ],
                              [
                                "object",
                                {
                                  "count": "number",
                                  "dynamicThrottlingEnabled": "bool",
                                  "key": "string",
                                  "matchPatterns": [
                                    "tuple",
                                    [
                                      [
                                        "object",
                                        {
                                          "method": "string",
                                          "path": "string"
                                        }
                                      ]
                                    ]
                                  ],
                                  "renewalPeriod": "number"
                                }
                              ],
                              [
                                "object",
                                {
                                  "count": "number",
                                  "dynamicThrottlingEnabled": "bool",
                                  "key": "string",
                                  "matchPatterns": [
                                    "tuple",
                                    [
                                      [
                                        "object",
                                        {
                                          "method": "string",
                                          "path": "string"
                                        }
                                      ]
                                    ]
                                  ],
                                  "renewalPeriod": "number"
                                }
                              ],
                              [
                                "object",
                                {
                                  "count": "number",
                                  "dynamicThrottlingEnabled": "bool",
                                  "key": "string",
                                  "matchPatterns": [
                                    "tuple",
                                    [
                                      [
                                        "object",
                                        {
                                          "method": "string",
                                          "path": "string"
                                        }
                                      ]
                                    ]
                                  ],
                                  "renewalPeriod": "number"
                                }
                              ],
                              [
                                "object",
                                {
                                  "count": "number",
                                  "dynamicThrottlingEnabled": "bool",
                                  "key": "string",
                                  "matchPatterns": [
                                    "tuple",
                                    [
                                      [
                                        "object",
                                        {
                                          "method": "string",
                                          "path": "string"
                                        }
                                      ]
                                    ]
                                  ],
                                  "renewalPeriod": "number"
                                }
                              ],
                              [
                                "object",
                                {
                                  "count": "number",
                                  "dynamicThrottlingEnabled": "bool",
                                  "key": "string",
                                  "matchPatterns": [
                                    "tuple",
                                    [
                                      [
                                        "object",
                                        {
                                          "method": "string",
                                          "path": "string"
                                        }
                                      ]
                                    ]
                                  ],
                                  "renewalPeriod": "number"
                                }
                              ],
                              [
                                "object",
                                {
                                  "count": "number",
                                  "dynamicThrottlingEnabled": "bool",
                                  "key": "string",
                                  "matchPatterns": [
                                    "tuple",
                                    [
                                      [
                                        "object",
                                        {
                                          "method": "string",
                                          "path": "string"
                                        }
                                      ]
                                    ]
                                  ],
                                  "renewalPeriod": "number"
                                }
                              ],
                              [
                                "object",
                                {
                                  "count": "number",
                                  "dynamicThrottlingEnabled": "bool",
                                  "key": "string",
                                  "matchPatterns": [
                                    "tuple",
                                    [
                                      [
                                        "object",
                                        {
                                          "method": "string",
                                          "path": "string"
                                        }
                                      ]
                                    ]
                                  ],
                                  "renewalPeriod": "number"
                                }
                              ],
                              [
                                "object",
                                {
                                  "count": "number",
                                  "dynamicThrottlingEnabled": "bool",
                                  "key": "string",
                                  "matchPatterns": [
                                    "tuple",
                                    [
                                      [
                                        "object",
                                        {
                                          "method": "string",
                                          "path": "string"
                                        }
                                      ]
                                    ]
                                  ],
                                  "renewalPeriod": "number"
                                }
                              ],
                              [
                                "object",
                                {
                                  "count": "number",
                                  "dynamicThrottlingEnabled": "bool",
                                  "key": "string",
                                  "matchPatterns": [
                                    "tuple",
                                    [
                                      [
                                        "object",
                                        {
                                          "method": "string",
                                          "path": "string"
                                        }
                                      ]
                                    ]
                                  ],
                                  "renewalPeriod": "number"
                                }
                              ],
                              [
                                "object",
                                {
                                  "count": "number",
                                  "dynamicThrottlingEnabled": "bool",
                                  "key": "string",
                                  "matchPatterns": [
                                    "tuple",
                                    [
                                      [
                                        "object",
                                        {
                                          "method": "string",
                                          "path": "string"
                                        }
                                      ]
                                    ]
                                  ],
                                  "renewalPeriod": "number"
                                }
                              ],
                              [
                                "object",
                                {
                                  "count": "number",
                                  "dynamicThrottlingEnabled": "bool",
                                  "key": "string",
                                  "matchPatterns": [
                                    "tuple",
                                    [
                                      [
                                        "object",
                                        {
                                          "method": "string",
                                          "path": "string"
                                        }
                                      ]
                                    ]
                                  ],
                                  "renewalPeriod": "number"
                                }
                              ],
                              [
                                "object",
                                {
                                  "count": "number",
                                  "dynamicThrottlingEnabled": "bool",
                                  "key": "string",
                                  "matchPatterns": [
                                    "tuple",
                                    [
                                      [
                                        "object",
                                        {
                                          "method": "string",
                                          "path": "string"
                                        }
                                      ]
                                    ]
                                  ],
                                  "renewalPeriod": "number"
                                }
                              ],
                              [
                                "object",
                                {
                                  "count": "number",
                                  "dynamicThrottlingEnabled": "bool",
                                  "key": "string",
                                  "matchPatterns": [
                                    "tuple",
                                    [
                                      [
                                        "object",
                                        {
                                          "method": "string",
                                          "path": "string"
                                        }
                                      ]
                                    ]
                                  ],
                                  "renewalPeriod": "number"
                                }
                              ],
                              [
                                "object",
                                {
                                  "count": "number",
                                  "dynamicThrottlingEnabled": "bool",
                                  "key": "string",
                                  "matchPatterns": [
                                    "tuple",
                                    [
                                      [
                                        "object",
                                        {
                                          "method": "string",
                                          "path": "string"
                                        }
                                      ]
                                    ]
                                  ],
                                  "renewalPeriod": "number"
                                }
                              ],
                              [
                                "object",
                                {
                                  "count": "number",
                                  "dynamicThrottlingEnabled": "bool",
                                  "key": "string",
                                  "matchPatterns": [
                                    "tuple",
                                    [
                                      [
                                        "object",
                                        {
                                          "method": "string",
                                          "path": "string"
                                        }
                                      ],
                                      [
                                        "object",
                                        {
                                          "method": "string",
                                          "path": "string"
                                        }
                                      ],
                                      [
                                        "object",
                                        {
                                          "method": "string",
                                          "path": "string"
                                        }
                                      ],
                                      [
                                        "object",
                                        {
                                          "method": "string",
                                          "path": "string"
                                        }
                                      ],
                                      [
                                        "object",
                                        {
                                          "method": "string",
                                          "path": "string"
                                        }
                                      ],
                                      [
                                        "object",
                                        {
                                          "method": "string",
                                          "path": "string"
                                        }
                                      ]
                                    ]
                                  ],
                                  "renewalPeriod": "number"
                                }
                              ],
                              [
                                "object",
                                {
                                  "count": "number",
                                  "dynamicThrottlingEnabled": "bool",
                                  "key": "string",
                                  "matchPatterns": [
                                    "tuple",
                                    [
                                      [
                                        "object",
                                        {
                                          "method": "string",
                                          "path": "string"
                                        }
                                      ]
                                    ]
                                  ],
                                  "renewalPeriod": "number"
                                }
                              ],
                              [
                                "object",
                                {
                                  "count": "number",
                                  "dynamicThrottlingEnabled": "bool",
                                  "key": "string",
                                  "matchPatterns": [
                                    "tuple",
                                    [
                                      [
                                        "object",
                                        {
                                          "method": "string",
                                          "path": "string"
                                        }
                                      ],
                                      [
                                        "object",
                                        {
                                          "method": "string",
                                          "path": "string"
                                        }
                                      ],
                                      [
                                        "object",
                                        {
                                          "method": "string",
                                          "path": "string"
                                        }
                                      ]
                                    ]
                                  ],
                                  "renewalPeriod": "number"
                                }
                              ],
                              [
                                "object",
                                {
                                  "count": "number",
                                  "key": "string",
                                  "matchPatterns": [
                                    "tuple",
                                    [
                                      [
                                        "object",
                                        {
                                          "method": "string",
                                          "path": "string"
                                        }
                                      ],
                                      [
                                        "object",
                                        {
                                          "method": "string",
                                          "path": "string"
                                        }
                                      ],
                                      [
                                        "object",
                                        {
                                          "method": "string",
                                          "path": "string"
                                        }
                                      ],
                                      [
                                        "object",
                                        {
                                          "method": "string",
                                          "path": "string"
                                        }
                                      ]
                                    ]
                                  ],
                                  "renewalPeriod": "number"
                                }
                              ],
                              [
                                "object",
                                {
                                  "count": "number",
                                  "dynamicThrottlingEnabled": "bool",
                                  "key": "string",
                                  "matchPatterns": [
                                    "tuple",
                                    [
                                      [
                                        "object",
                                        {
                                          "method": "string",
                                          "path": "string"
                                        }
                                      ],
                                      [
                                        "object",
                                        {
                                          "method": "string",
                                          "path": "string"
                                        }
                                      ],
                                      [
                                        "object",
                                        {
                                          "method": "string",
                                          "path": "string"
                                        }
                                      ],
                                      [
                                        "object",
                                        {
                                          "method": "string",
                                          "path": "string"
                                        }
                                      ],
                                      [
                                        "object",
                                        {
                                          "method": "string",
                                          "path": "string"
                                        }
                                      ],
                                      [
                                        "object",
                                        {
                                          "method": "string",
                                          "path": "string"
                                        }
                                      ],
                                      [
                                        "object",
                                        {
                                          "method": "string",
                                          "path": "string"
                                        }
                                      ],
                                      [
                                        "object",
                                        {
                                          "method": "string",
                                          "path": "string"
                                        }
                                      ],
                                      [
                                        "object",
                                        {
                                          "method": "string",
                                          "path": "string"
                                        }
                                      ],
                                      [
                                        "object",
                                        {
                                          "method": "string",
                                          "path": "string"
                                        }
                                      ],
                                      [
                                        "object",
                                        {
                                          "method": "string",
                                          "path": "string"
                                        }
                                      ]
                                    ]
                                  ],
                                  "renewalPeriod": "number"
                                }
                              ],
                              [
                                "object",
                                {
                                  "count": "number",
                                  "key": "string",
                                  "matchPatterns": [
                                    "tuple",
                                    [
                                      [
                                        "object",
                                        {
                                          "method": "string",
                                          "path": "string"
                                        }
                                      ]
                                    ]
                                  ],
                                  "renewalPeriod": "number"
                                }
                              ],
                              [
                                "object",
                                {
                                  "count": "number",
                                  "key": "string",
                                  "matchPatterns": [
                                    "tuple",
                                    [
                                      [
                                        "object",
                                        {
                                          "method": "string",
                                          "path": "string"
                                        }
                                      ],
                                      [
                                        "object",
                                        {
                                          "method": "string",
                                          "path": "string"
                                        }
                                      ]
                                    ]
                                  ],
                                  "renewalPeriod": "number"
                                }
                              ],
                              [
                                "object",
                                {
                                  "count": "number",
                                  "key": "string",
                                  "matchPatterns": [
                                    "tuple",
                                    [
                                      [
                                        "object",
                                        {
                                          "method": "string",
                                          "path": "string"
                                        }
                                      ],
                                      [
                                        "object",
                                        {
                                          "method": "string",
                                          "path": "string"
                                        }
                                      ]
                                    ]
                                  ],
                                  "renewalPeriod": "number"
                                }
                              ],
                              [
                                "object",
                                {
                                  "count": "number",
                                  "key": "string",
                                  "matchPatterns": [
                                    "tuple",
                                    [
                                      [
                                        "object",
                                        {
                                          "method": "string",
                                          "path": "string"
                                        }
                                      ]
                                    ]
                                  ],
                                  "renewalPeriod": "number"
                                }
                              ],
                              [
                                "object",
                                {
                                  "count": "number",
                                  "key": "string",
                                  "matchPatterns": [
                                    "tuple",
                                    [
                                      [
                                        "object",
                                        {
                                          "method": "string",
                                          "path": "string"
                                        }
                                      ]
                                    ]
                                  ],
                                  "renewalPeriod": "number"
                                }
                              ],
                              [
                                "object",
                                {
                                  "count": "number",
                                  "key": "string",
                                  "matchPatterns": [
                                    "tuple",
                                    [
                                      [
                                        "object",
                                        {
                                          "method": "string",
                                          "path": "string"
                                        }
                                      ]
                                    ]
                                  ],
                                  "renewalPeriod": "number"
                                }
                              ],
                              [
                                "object",
                                {
                                  "count": "number",
                                  "key": "string",
                                  "matchPatterns": [
                                    "tuple",
                                    [
                                      [
                                        "object",
                                        {
                                          "method": "string",
                                          "path": "string"
                                        }
                                      ],
                                      [
                                        "object",
                                        {
                                          "method": "string",
                                          "path": "string"
                                        }
                                      ],
                                      [
                                        "object",
                                        {
                                          "method": "string",
                                          "path": "string"
                                        }
                                      ],
                                      [
                                        "object",
                                        {
                                          "method": "string",
                                          "path": "string"
                                        }
                                      ],
                                      [
                                        "object",
                                        {
                                          "method": "string",
                                          "path": "string"
                                        }
                                      ],
                                      [
                                        "object",
                                        {
                                          "method": "string",
                                          "path": "string"
                                        }
                                      ]
                                    ]
                                  ],
                                  "renewalPeriod": "number"
                                }
                              ],
                              [
                                "object",
                                {
                                  "count": "number",
                                  "key": "string",
                                  "matchPatterns": [
                                    "tuple",
                                    [
                                      [
                                        "object",
                                        {
                                          "method": "string",
                                          "path": "string"
                                        }
                                      ],
                                      [
                                        "object",
                                        {
                                          "method": "string",
                                          "path": "string"
                                        }
                                      ]
                                    ]
                                  ],
                                  "renewalPeriod": "number"
                                }
                              ],
                              [
                                "object",
                                {
                                  "count": "number",
                                  "key": "string",
                                  "matchPatterns": [
                                    "tuple",
                                    [
                                      [
                                        "object",
                                        {
                                          "method": "string",
                                          "path": "string"
                                        }
                                      ],
                                      [
                                        "object",
                                        {
                                          "method": "string",
                                          "path": "string"
                                        }
                                      ]
                                    ]
                                  ],
                                  "renewalPeriod": "number"
                                }
                              ],
                              [
                                "object",
                                {
                                  "count": "number",
                                  "key": "string",
                                  "matchPatterns": [
                                    "tuple",
                                    [
                                      [
                                        "object",
                                        {
                                          "method": "string",
                                          "path": "string"
                                        }
                                      ],
                                      [
                                        "object",
                                        {
                                          "method": "string",
                                          "path": "string"
                                        }
                                      ]
                                    ]
                                  ],
                                  "renewalPeriod": "number"
                                }
                              ],
                              [
                                "object",
                                {
                                  "count": "number",
                                  "key": "string",
                                  "matchPatterns": [
                                    "tuple",
                                    [
                                      [
                                        "object",
                                        {
                                          "method": "string",
                                          "path": "string"
                                        }
                                      ],
                                      [
                                        "object",
                                        {
                                          "method": "string",
                                          "path": "string"
                                        }
                                      ]
                                    ]
                                  ],
                                  "renewalPeriod": "number"
                                }
                              ],
                              [
                                "object",
                                {
                                  "count": "number",
                                  "key": "string",
                                  "matchPatterns": [
                                    "tuple",
                                    [
                                      [
                                        "object",
                                        {
                                          "method": "string",
                                          "path": "string"
                                        }
                                      ]
                                    ]
                                  ],
                                  "renewalPeriod": "number"
                                }
                              ],
                              [
                                "object",
                                {
                                  "count": "number",
                                  "key": "string",
                                  "matchPatterns": [
                                    "tuple",
                                    [
                                      [
                                        "object",
                                        {
                                          "method": "string",
                                          "path": "string"
                                        }
                                      ]
                                    ]
                                  ],
                                  "renewalPeriod": "number"
                                }
                              ],
                              [
                                "object",
                                {
                                  "count": "number",
                                  "key": "string",
                                  "matchPatterns": [
                                    "tuple",
                                    [
                                      [
                                        "object",
                                        {
                                          "method": "string",
                                          "path": "string"
                                        }
                                      ]
                                    ]
                                  ],
                                  "renewalPeriod": "number"
                                }
                              ]
                            ]
                          ]
                        }
                      ],
                      "capabilities": [
                        "tuple",
                        [
                          [
                            "object",
                            {
                              "name": "string"
                            }
                          ],
                          [
                            "object",
                            {
                              "name": "string",
                              "value": "string"
                            }
                          ],
                          [
                            "object",
                            {
                              "name": "string"
                            }
                          ],
                          [
                            "object",
                            {
                              "name": "string",
                              "value": "string"
                            }
                          ],
                          [
                            "object",
                            {
                              "name": "string",
                              "value": "string"
                            }
                          ],
                          [
                            "object",
                            {
                              "name": "string",
                              "value": "string"
                            }
                          ],
                          [
                            "object",
                            {
                              "name": "string",
                              "value": "string"
                            }
                          ],
                          [
                            "object",
                            {
                              "name": "string",
                              "value": "string"
                            }
                          ],
                          [
                            "object",
                            {
                              "name": "string",
                              "value": "string"
                            }
                          ],
                          [
                            "object",
                            {
                              "name": "string",
                              "value": "string"
                            }
                          ],
                          [
                            "object",
                            {
                              "name": "string",
                              "value": "string"
                            }
                          ],
                          [
                            "object",
                            {
                              "name": "string",
                              "value": "string"
                            }
                          ],
                          [
                            "object",
                            {
                              "name": "string",
                              "value": "string"
                            }
                          ]
                        ]
                      ],
                      "customSubDomainName": "string",
                      "dateCreated": "string",
                      "endpoint": "string",
                      "endpoints": [
                        "object",
                        {
                          "AI Foundry API": "string",
                          "Azure AI Model Inference API": "string",
                          "Cohere AI API": "string",
                          "Computer Vision": "string",
                          "Container": "string",
                          "Content Safety": "string",
                          "Content Understanding": "string",
                          "Conversational Language Understanding Authoring": "string",
                          "ConversationalLURuntime": "string",
                          "Custom Question Answering": "string",
                          "Custom Question Answering Authoring": "string",
                          "Custom Text Authoring": "string",
                          "CustomTranslator": "string",
                          "DocumentTranslation": "string",
                          "FormRecognizer": "string",
                          "LUIS": "string",
                          "Language": "string",
                          "Mistral AI API": "string",
                          "OpenAI Dall-E API": "string",
                          "OpenAI Language Model Instance API": "string",
                          "OpenAI Model Scaleset API": "string",
                          "OpenAI Moderations API": "string",
                          "OpenAI Realtime API": "string",
                          "OpenAI Sora API": "string",
                          "OpenAI Whisper API": "string",
                          "QnAMaker": "string",
                          "QuestionAnswering": "string",
                          "Speech Services Audio Content Creation": "string",
                          "Speech Services Batch Avatar": "string",
                          "Speech Services Batch Text to Speech": "string",
                          "Speech Services Custom Avatar": "string",
                          "Speech Services Custom Voice": "string",
                          "Speech Services Custom Voice Trial": "string",
                          "Speech Services Speaker Identification": "string",
                          "Speech Services Speaker Verification": "string",
                          "Speech Services Speech to Text": "string",
                          "Speech Services Speech to Text (Standard)": "string",
                          "Speech Services Speech to Text 2024-05-15-preview": "string",
                          "Speech Services Speech to Text 2024-11-15": "string",
                          "Speech Services Speech to Text v3.2": "string",
                          "Speech Services Speech to Text v3.2_internal.1": "string",
                          "Speech Services Text to Speech (Neural)": "string",
                          "Text Analytics": "string",
                          "TextTranslation": "string",
                          "TextTranslation-Global": "string",
                          "Token": "string",
                          "Token Service API": "string",
                          "Turing": "string",
                          "Video Translation": "string",
                          "Voice Agent Realtime API": "string",
                          "Voice Live Realtime API": "string"
                        }
                      ],
                      "internalId": "string",
                      "isMigrated": "bool",
                      "privateEndpointConnections": [
                        "tuple",
                        []
                      ],
                      "provisioningState": "string",
                      "publicNetworkAccess": "string"
                    }
                  ],
                  "sku": [
                    "object",
                    {
                      "name": "string"
                    }
                  ],
                  "systemData": [
                    "object",
                    {
                      "createdAt": "string",
                      "createdBy": "string",
                      "createdByType": "string",
                      "lastModifiedAt": "string",
                      "lastModifiedBy": "string",
                      "lastModifiedByType": "string"
                    }
                  ],
                  "tags": [
                    "object",
                    {
                      "CostControl": "string",
                      "Deployment": "string",
                      "Environment": "string",
                      "Location": "string",
                      "ProjectName": "string",
                      "SecurityControl": "string",
                      "TypeOfDeployment": "string",
                      "azd-env-name": "string"
                    }
                  ],
                  "type": "string"
                }
              ]
            },
            "parent_id": "/subscriptions/f0202300-ee0c-4847-9909-13c71fdfe11b/resourceGroups/rg-dev-ea-ai-sho-63de",
            "read_headers": null,
            "read_query_parameters": null,
            "replace_triggers_external_values": null,
            "replace_triggers_refs": null,
            "response_export_values": {
              "value": [
                "*"
              ],
              "type": [
                "tuple",
                [
                  "string"
                ]
              ]
            },
            "retry": null,
            "schema_validation_enabled": true,
            "sensitive_body": null,
            "tags": {
              "CostControl": "Ignore",
              "Deployment": "terraform",
              "Environment": "dev",
              "Location": "eastus2",
              "ProjectName": "ai-shop",
              "SecurityControl": "Ignore",
              "TypeOfDeployment": "azapi",
              "azd-env-name": "dev"
            },
            "timeouts": null,
            "type": "Microsoft.CognitiveServices/accounts@2025-04-01-preview",
            "update_headers": null,
            "update_query_parameters": null
          },
          "sensitive_attributes": [],
          "identity_schema_version": 0,
          "private": "eyJzZW5zaXRpdmVfYm9keSI6ImV5Sm9ZWE5vSWpvaVpFTk9UMjFMTDI1VFdTc3hNblpJZW1GelRGaHBjM2Q2YkVkVU5WVklRVGRxUVVkWmEzWnRRM1ZSY3owaWZRPT0ifQ==",
          "dependencies": [
            "azurerm_resource_group.this",
            "data.azurerm_client_config.current",
            "random_id.resource_group_name_suffix"
          ]
        }
      ]
    },
    {
      "mode": "managed",
      "type": "azapi_resource",
      "name": "open_ai_connection",
      "provider": "provider[\"registry.terraform.io/azure/azapi\"]",
      "instances": [
        {
          "schema_version": 2,
          "attributes": {
            "body": {
              "value": {
                "properties": {
                  "authType": "ApiKey",
                  "category": "AzureOpenAI",
                  "credentials": {
                    "key": "4RAB4fF00Z4JNn9VmBEJwKfMcj4M2lr9KGcc7BhKMhUlLEK406lvJQQJ99BHACHYHv6XJ3w3AAABACOGJpfR"
                  },
                  "isSharedToAll": true,
                  "metadata": {
                    "ApiType": "Azure",
                    "ResourceId": "/subscriptions/f0202300-ee0c-4847-9909-13c71fdfe11b/resourceGroups/rg-dev-ea-ai-sho-63de/providers/Microsoft.CognitiveServices/accounts/oai-dev-ea-ai-sho-63de"
                  },
                  "target": "https://oai-dev-ea-ai-sho-63de.openai.azure.com/"
                }
              },
              "type": [
                "object",
                {
                  "properties": [
                    "object",
                    {
                      "authType": "string",
                      "category": "string",
                      "credentials": [
                        "object",
                        {
                          "key": "string"
                        }
                      ],
                      "isSharedToAll": "bool",
                      "metadata": [
                        "object",
                        {
                          "ApiType": "string",
                          "ResourceId": "string"
                        }
                      ],
                      "target": "string"
                    }
                  ]
                }
              ]
            },
            "create_headers": null,
            "create_query_parameters": null,
            "delete_headers": null,
            "delete_query_parameters": null,
            "id": "/subscriptions/f0202300-ee0c-4847-9909-13c71fdfe11b/resourceGroups/rg-dev-ea-ai-sho-63de/providers/Microsoft.CognitiveServices/accounts/ais-dev-ea-ai-sho-63de/connections/con-oai-dev-ea-ai-sho-63de",
            "identity": [],
            "ignore_casing": false,
            "ignore_missing_property": true,
            "location": null,
            "locks": null,
            "name": "con-oai-dev-ea-ai-sho-63de",
            "output": {
              "value": {
                "id": "/subscriptions/f0202300-ee0c-4847-9909-13c71fdfe11b/resourceGroups/rg-dev-ea-ai-sho-63de/providers/Microsoft.CognitiveServices/accounts/ais-dev-ea-ai-sho-63de/connections/con-oai-dev-ea-ai-sho-63de",
                "location": null,
                "name": "con-oai-dev-ea-ai-sho-63de",
                "properties": {
                  "authType": "ApiKey",
                  "category": "AzureOpenAI",
                  "credentials": null,
                  "error": null,
                  "expiryTime": null,
                  "group": "AzureAI",
                  "isDefault": true,
                  "isSharedToAll": true,
                  "metadata": {
                    "ApiType": "Azure",
                    "ApiVersion": "2023-07-01-preview",
                    "DeploymentApiVersion": "2023-10-01-preview",
                    "ResourceId": "/subscriptions/f0202300-ee0c-4847-9909-13c71fdfe11b/resourceGroups/rg-dev-ea-ai-sho-63de/providers/Microsoft.CognitiveServices/accounts/oai-dev-ea-ai-sho-63de"
                  },
                  "peRequirement": "NotRequired",
                  "peStatus": "NotApplicable",
                  "sharedUserList": [],
                  "target": "https://oai-dev-ea-ai-sho-63de.openai.azure.com/",
                  "useWorkspaceManagedIdentity": true
                },
                "systemData": {
                  "createdAt": "2025-08-20T17:15:46.5452614Z",
                  "createdBy": "admin@MngEnv998454.onmicrosoft.com",
                  "createdByType": "User",
                  "lastModifiedAt": "2025-08-20T17:15:46.5452614Z",
                  "lastModifiedBy": "admin@MngEnv998454.onmicrosoft.com",
                  "lastModifiedByType": "User"
                },
                "tags": null,
                "type": "Microsoft.CognitiveServices/accounts/connections"
              },
              "type": [
                "object",
                {
                  "id": "string",
                  "location": "dynamic",
                  "name": "string",
                  "properties": [
                    "object",
                    {
                      "authType": "string",
                      "category": "string",
                      "credentials": "dynamic",
                      "error": "dynamic",
                      "expiryTime": "dynamic",
                      "group": "string",
                      "isDefault": "bool",
                      "isSharedToAll": "bool",
                      "metadata": [
                        "object",
                        {
                          "ApiType": "string",
                          "ApiVersion": "string",
                          "DeploymentApiVersion": "string",
                          "ResourceId": "string"
                        }
                      ],
                      "peRequirement": "string",
                      "peStatus": "string",
                      "sharedUserList": [
                        "tuple",
                        []
                      ],
                      "target": "string",
                      "useWorkspaceManagedIdentity": "bool"
                    }
                  ],
                  "systemData": [
                    "object",
                    {
                      "createdAt": "string",
                      "createdBy": "string",
                      "createdByType": "string",
                      "lastModifiedAt": "string",
                      "lastModifiedBy": "string",
                      "lastModifiedByType": "string"
                    }
                  ],
                  "tags": "dynamic",
                  "type": "string"
                }
              ]
            },
            "parent_id": "/subscriptions/f0202300-ee0c-4847-9909-13c71fdfe11b/resourceGroups/rg-dev-ea-ai-sho-63de/providers/Microsoft.CognitiveServices/accounts/ais-dev-ea-ai-sho-63de",
            "read_headers": null,
            "read_query_parameters": null,
            "replace_triggers_external_values": null,
            "replace_triggers_refs": null,
            "response_export_values": {
              "value": [
                "*"
              ],
              "type": [
                "tuple",
                [
                  "string"
                ]
              ]
            },
            "retry": null,
            "schema_validation_enabled": true,
            "sensitive_body": null,
            "tags": null,
            "timeouts": null,
            "type": "Microsoft.CognitiveServices/accounts/connections@2025-04-01-preview",
            "update_headers": null,
            "update_query_parameters": null
          },
          "sensitive_attributes": [
            [
              {
                "type": "get_attr",
                "value": "body"
              },
              {
                "type": "get_attr",
                "value": "properties"
              },
              {
                "type": "get_attr",
                "value": "credentials"
              },
              {
                "type": "get_attr",
                "value": "key"
              }
            ]
          ],
          "identity_schema_version": 0,
          "private": "eyJzZW5zaXRpdmVfYm9keSI6ImV5Sm9ZWE5vSWpvaVpFTk9UMjFMTDI1VFdTc3hNblpJZW1GelRGaHBjM2Q2YkVkVU5WVklRVGRxUVVkWmEzWnRRM1ZSY3owaWZRPT0ifQ==",
          "dependencies": [
            "azapi_resource.ai_services",
            "azurerm_cognitive_account.open_ai",
            "azurerm_resource_group.this",
            "data.azurerm_client_config.current",
            "random_id.resource_group_name_suffix"
          ]
        }
      ]
    },
    {
      "mode": "managed",
      "type": "azapi_resource",
      "name": "project",
      "provider": "provider[\"registry.terraform.io/azure/azapi\"]",
      "instances": [
        {
          "schema_version": 2,
          "attributes": {
            "body": {
              "value": {
                "properties": {
                  "description": "AI Shop Project",
                  "displayName": "AI Shop"
                }
              },
              "type": [
                "object",
                {
                  "properties": [
                    "object",
                    {
                      "description": "string",
                      "displayName": "string"
                    }
                  ]
                }
              ]
            },
            "create_headers": null,
            "create_query_parameters": null,
            "delete_headers": null,
            "delete_query_parameters": null,
            "id": "/subscriptions/f0202300-ee0c-4847-9909-13c71fdfe11b/resourceGroups/rg-dev-ea-ai-sho-63de/providers/Microsoft.CognitiveServices/accounts/ais-dev-ea-ai-sho-63de/projects/proj-dev-ea-ai-sho-63de",
            "identity": [
              {
                "identity_ids": null,
                "principal_id": "e08390ac-07ae-4733-89dc-d509fc3bfc93",
                "tenant_id": "90b15832-dc82-4551-9059-0d4919f260b8",
                "type": "SystemAssigned"
              }
            ],
            "ignore_casing": false,
            "ignore_missing_property": true,
            "location": "eastus2",
            "locks": null,
            "name": "proj-dev-ea-ai-sho-63de",
            "output": {
              "value": {
                "id": "/subscriptions/f0202300-ee0c-4847-9909-13c71fdfe11b/resourceGroups/rg-dev-ea-ai-sho-63de/providers/Microsoft.CognitiveServices/accounts/ais-dev-ea-ai-sho-63de/projects/proj-dev-ea-ai-sho-63de",
                "identity": {
                  "principalId": "e08390ac-07ae-4733-89dc-d509fc3bfc93",
                  "tenantId": "90b15832-dc82-4551-9059-0d4919f260b8"
                },
                "properties": {
                  "endpoints": {
                    "AI Foundry API": "https://ais-dev-ea-ai-sho-63de.services.ai.azure.com/api/projects/proj-dev-ea-ai-sho-63de"
                  },
                  "isDefault": true,
                  "provisioningState": "Succeeded"
                },
                "tags": {
                  "CostControl": "Ignore",
                  "Deployment": "terraform",
                  "Environment": "dev",
                  "Location": "eastus2",
                  "ProjectName": "ai-shop",
                  "SecurityControl": "Ignore",
                  "TypeOfDeployment": "azapi",
                  "azd-env-name": "dev"
                },
                "type": "Microsoft.CognitiveServices/accounts/projects"
              },
              "type": [
                "object",
                {
                  "id": "string",
                  "identity": [
                    "object",
                    {
                      "principalId": "string",
                      "tenantId": "string"
                    }
                  ],
                  "properties": [
                    "object",
                    {
                      "endpoints": [
                        "object",
                        {
                          "AI Foundry API": "string"
                        }
                      ],
                      "isDefault": "bool",
                      "provisioningState": "string"
                    }
                  ],
                  "tags": [
                    "object",
                    {
                      "CostControl": "string",
                      "Deployment": "string",
                      "Environment": "string",
                      "Location": "string",
                      "ProjectName": "string",
                      "SecurityControl": "string",
                      "TypeOfDeployment": "string",
                      "azd-env-name": "string"
                    }
                  ],
                  "type": "string"
                }
              ]
            },
            "parent_id": "/subscriptions/f0202300-ee0c-4847-9909-13c71fdfe11b/resourceGroups/rg-dev-ea-ai-sho-63de/providers/Microsoft.CognitiveServices/accounts/ais-dev-ea-ai-sho-63de",
            "read_headers": null,
            "read_query_parameters": null,
            "replace_triggers_external_values": null,
            "replace_triggers_refs": null,
            "response_export_values": null,
            "retry": null,
            "schema_validation_enabled": true,
            "sensitive_body": null,
            "tags": {
              "CostControl": "Ignore",
              "Deployment": "terraform",
              "Environment": "dev",
              "Location": "eastus2",
              "ProjectName": "ai-shop",
              "SecurityControl": "Ignore",
              "TypeOfDeployment": "azapi",
              "azd-env-name": "dev"
            },
            "timeouts": null,
            "type": "Microsoft.CognitiveServices/accounts/projects@2025-04-01-preview",
            "update_headers": null,
            "update_query_parameters": null
          },
          "sensitive_attributes": [],
          "identity_schema_version": 0,
          "private": "eyJzZW5zaXRpdmVfYm9keSI6ImV5Sm9ZWE5vSWpvaVpFTk9UMjFMTDI1VFdTc3hNblpJZW1GelRGaHBjM2Q2YkVkVU5WVklRVGRxUVVkWmEzWnRRM1ZSY3owaWZRPT0ifQ==",
          "dependencies": [
            "azapi_resource.ai_services",
            "azurerm_resource_group.this",
            "data.azurerm_client_config.current",
            "random_id.resource_group_name_suffix"
          ]
        }
      ]
    },
    {
      "mode": "managed",
      "type": "azurerm_cognitive_account",
      "name": "open_ai",
      "provider": "provider[\"registry.terraform.io/hashicorp/azurerm\"]",
      "instances": [
        {
          "schema_version": 0,
          "attributes": {
            "custom_question_answering_search_service_id": "",
            "custom_question_answering_search_service_key": null,
            "custom_subdomain_name": "oai-dev-ea-ai-sho-63de",
            "customer_managed_key": [],
            "dynamic_throttling_enabled": false,
            "endpoint": "https://oai-dev-ea-ai-sho-63de.openai.azure.com/",
            "fqdns": null,
            "id": "/subscriptions/f0202300-ee0c-4847-9909-13c71fdfe11b/resourceGroups/rg-dev-ea-ai-sho-63de/providers/Microsoft.CognitiveServices/accounts/oai-dev-ea-ai-sho-63de",
            "identity": [],
            "kind": "OpenAI",
            "local_auth_enabled": true,
            "location": "eastus2",
            "metrics_advisor_aad_client_id": "",
            "metrics_advisor_aad_tenant_id": "",
            "metrics_advisor_super_user_name": "",
            "metrics_advisor_website_name": "",
            "name": "oai-dev-ea-ai-sho-63de",
            "network_acls": [],
            "outbound_network_access_restricted": false,
            "primary_access_key": "4RAB4fF00Z4JNn9VmBEJwKfMcj4M2lr9KGcc7BhKMhUlLEK406lvJQQJ99BHACHYHv6XJ3w3AAABACOGJpfR",
            "public_network_access_enabled": true,
            "qna_runtime_endpoint": "",
            "resource_group_name": "rg-dev-ea-ai-sho-63de",
            "secondary_access_key": "Bu1JhR6T7Q6pSgQg47NR8PeCyr1uKlCrYqIIAj8h5DlUxFQmGudUJQQJ99BHACHYHv6XJ3w3AAABACOGOuHl",
            "sku_name": "S0",
            "storage": [],
            "tags": {
              "CostControl": "Ignore",
              "Deployment": "terraform",
              "Environment": "dev",
              "Location": "eastus2",
              "ProjectName": "ai-shop",
              "SecurityControl": "Ignore",
              "azd-env-name": "dev"
            },
            "timeouts": null
          },
          "sensitive_attributes": [
            [
              {
                "type": "get_attr",
                "value": "custom_question_answering_search_service_key"
              }
            ],
            [
              {
                "type": "get_attr",
                "value": "primary_access_key"
              }
            ],
            [
              {
                "type": "get_attr",
                "value": "secondary_access_key"
              }
            ]
          ],
          "identity_schema_version": 0,
          "private": "eyJlMmJmYjczMC1lY2FhLTExZTYtOGY4OC0zNDM2M2JjN2M0YzAiOnsiY3JlYXRlIjoxODAwMDAwMDAwMDAwLCJkZWxldGUiOjE4MDAwMDAwMDAwMDAsInJlYWQiOjMwMDAwMDAwMDAwMCwidXBkYXRlIjoxODAwMDAwMDAwMDAwfX0=",
          "dependencies": [
            "azurerm_resource_group.this",
            "data.azurerm_client_config.current",
            "random_id.resource_group_name_suffix"
          ]
        }
      ]
    },
    {
      "mode": "managed",
      "type": "azurerm_cognitive_deployment",
      "name": "chat_model",
      "provider": "provider[\"registry.terraform.io/hashicorp/azurerm\"]",
      "instances": [
        {
          "schema_version": 0,
          "attributes": {
            "cognitive_account_id": "/subscriptions/f0202300-ee0c-4847-9909-13c71fdfe11b/resourceGroups/rg-dev-ea-ai-sho-63de/providers/Microsoft.CognitiveServices/accounts/oai-dev-ea-ai-sho-63de",
            "dynamic_throttling_enabled": false,
            "id": "/subscriptions/f0202300-ee0c-4847-9909-13c71fdfe11b/resourceGroups/rg-dev-ea-ai-sho-63de/providers/Microsoft.CognitiveServices/accounts/oai-dev-ea-ai-sho-63de/deployments/gpt-4.1",
            "model": [
              {
                "format": "OpenAI",
                "name": "gpt-4.1",
                "version": "2025-04-14"
              }
            ],
            "name": "gpt-4.1",
            "rai_policy_name": "",
            "sku": [
              {
                "capacity": 100,
                "family": "",
                "name": "GlobalStandard",
                "size": "",
                "tier": ""
              }
            ],
            "timeouts": null,
            "version_upgrade_option": "OnceNewDefaultVersionAvailable"
          },
          "sensitive_attributes": [],
          "identity_schema_version": 0,
          "private": "eyJlMmJmYjczMC1lY2FhLTExZTYtOGY4OC0zNDM2M2JjN2M0YzAiOnsiY3JlYXRlIjoxODAwMDAwMDAwMDAwLCJkZWxldGUiOjE4MDAwMDAwMDAwMDAsInJlYWQiOjMwMDAwMDAwMDAwMCwidXBkYXRlIjoxODAwMDAwMDAwMDAwfX0=",
          "dependencies": [
            "azurerm_cognitive_account.open_ai",
            "azurerm_resource_group.this",
            "data.azurerm_client_config.current",
            "random_id.resource_group_name_suffix"
          ]
        }
      ]
    },
    {
      "mode": "managed",
      "type": "azurerm_cognitive_deployment",
      "name": "router_chat_model",
      "provider": "provider[\"registry.terraform.io/hashicorp/azurerm\"]",
      "instances": [
        {
          "schema_version": 0,
          "attributes": {
            "cognitive_account_id": "/subscriptions/f0202300-ee0c-4847-9909-13c71fdfe11b/resourceGroups/rg-dev-ea-ai-sho-63de/providers/Microsoft.CognitiveServices/accounts/oai-dev-ea-ai-sho-63de",
            "dynamic_throttling_enabled": false,
            "id": "/subscriptions/f0202300-ee0c-4847-9909-13c71fdfe11b/resourceGroups/rg-dev-ea-ai-sho-63de/providers/Microsoft.CognitiveServices/accounts/oai-dev-ea-ai-sho-63de/deployments/model-router",
            "model": [
              {
                "format": "OpenAI",
                "name": "model-router",
                "version": "2025-05-19"
              }
            ],
            "name": "model-router",
            "rai_policy_name": "",
            "sku": [
              {
                "capacity": 100,
                "family": "",
                "name": "GlobalStandard",
                "size": "",
                "tier": ""
              }
            ],
            "timeouts": null,
            "version_upgrade_option": "OnceNewDefaultVersionAvailable"
          },
          "sensitive_attributes": [],
          "identity_schema_version": 0,
          "private": "eyJlMmJmYjczMC1lY2FhLTExZTYtOGY4OC0zNDM2M2JjN2M0YzAiOnsiY3JlYXRlIjoxODAwMDAwMDAwMDAwLCJkZWxldGUiOjE4MDAwMDAwMDAwMDAsInJlYWQiOjMwMDAwMDAwMDAwMCwidXBkYXRlIjoxODAwMDAwMDAwMDAwfX0=",
          "dependencies": [
            "azurerm_cognitive_account.open_ai",
            "azurerm_resource_group.this",
            "data.azurerm_client_config.current",
            "random_id.resource_group_name_suffix"
          ]
        }
      ]
    },
    {
      "mode": "managed",
      "type": "azurerm_resource_group",
      "name": "this",
      "provider": "provider[\"registry.terraform.io/hashicorp/azurerm\"]",
      "instances": [
        {
          "schema_version": 0,
          "attributes": {
            "id": "/subscriptions/f0202300-ee0c-4847-9909-13c71fdfe11b/resourceGroups/rg-dev-ea-ai-sho-63de",
            "location": "eastus2",
            "managed_by": "",
            "name": "rg-dev-ea-ai-sho-63de",
            "tags": {
              "CostControl": "Ignore",
              "Deployment": "terraform",
              "Environment": "dev",
              "Location": "eastus2",
              "ProjectName": "ai-shop",
              "SecurityControl": "Ignore",
              "azd-env-name": "dev"
            },
            "timeouts": null
          },
          "sensitive_attributes": [],
          "identity_schema_version": 0,
          "private": "eyJlMmJmYjczMC1lY2FhLTExZTYtOGY4OC0zNDM2M2JjN2M0YzAiOnsiY3JlYXRlIjo1NDAwMDAwMDAwMDAwLCJkZWxldGUiOjU0MDAwMDAwMDAwMDAsInJlYWQiOjMwMDAwMDAwMDAwMCwidXBkYXRlIjo1NDAwMDAwMDAwMDAwfX0=",
          "dependencies": [
            "data.azurerm_client_config.current",
            "random_id.resource_group_name_suffix"
          ]
        }
      ]
    },
    {
      "mode": "managed",
      "type": "azurerm_role_assignment",
      "name": "azure_ai_user",
      "provider": "provider[\"registry.terraform.io/hashicorp/azurerm\"]",
      "instances": [
        {
          "schema_version": 0,
          "attributes": {
            "condition": "",
            "condition_version": "",
            "delegated_managed_identity_resource_id": "",
            "description": "",
            "id": "/subscriptions/f0202300-ee0c-4847-9909-13c71fdfe11b/resourceGroups/rg-dev-ea-ai-sho-63de/providers/Microsoft.CognitiveServices/accounts/ais-dev-ea-ai-sho-63de/providers/Microsoft.Authorization/roleAssignments/cdf1344f-1517-363f-b280-bf67838c75e2",
            "name": "cdf1344f-1517-363f-b280-bf67838c75e2",
            "principal_id": "3c9f7a17-be07-4b49-b83d-e5862ceeff8c",
            "principal_type": "User",
            "role_definition_id": "/subscriptions/f0202300-ee0c-4847-9909-13c71fdfe11b/providers/Microsoft.Authorization/roleDefinitions/53ca6127-db72-4b80-b1b0-d745d6d5456d",
            "role_definition_name": "Azure AI User",
            "scope": "/subscriptions/f0202300-ee0c-4847-9909-13c71fdfe11b/resourceGroups/rg-dev-ea-ai-sho-63de/providers/Microsoft.CognitiveServices/accounts/ais-dev-ea-ai-sho-63de",
            "skip_service_principal_aad_check": null,
            "timeouts": null
          },
          "sensitive_attributes": [],
          "identity_schema_version": 0,
          "private": "eyJlMmJmYjczMC1lY2FhLTExZTYtOGY4OC0zNDM2M2JjN2M0YzAiOnsiY3JlYXRlIjoxODAwMDAwMDAwMDAwLCJkZWxldGUiOjE4MDAwMDAwMDAwMDAsInJlYWQiOjMwMDAwMDAwMDAwMH19",
          "dependencies": [
            "azapi_resource.ai_services",
            "azurerm_resource_group.this",
            "data.azurerm_client_config.current",
            "random_id.resource_group_name_suffix"
          ]
        }
      ]
    },
    {
      "mode": "managed",
      "type": "random_id",
      "name": "resource_group_name_suffix",
      "provider": "provider[\"registry.terraform.io/hashicorp/random\"]",
      "instances": [
        {
          "schema_version": 0,
          "attributes": {
            "b64_std": "Y94=",
            "b64_url": "Y94",
            "byte_length": 2,
            "dec": "25566",
            "hex": "63de",
            "id": "Y94",
            "keepers": {
              "first": "f0202300-ee0c-4847-9909-13c71fdfe11b"
            },
            "prefix": null
          },
          "sensitive_attributes": [],
          "identity_schema_version": 0,
          "dependencies": [
            "data.azurerm_client_config.current"
          ]
        }
      ]
    }
  ],
  "check_results": [
    {
      "object_kind": "var",
      "config_addr": "var.environment",
      "status": "pass",
      "objects": [
        {
          "object_addr": "var.environment",
          "status": "pass"
        }
      ]
    }
  ]
}
